// !$*UTF8*$!
{
	archiveVersion = 1;
	classes = {
	};
	objectVersion = 51;
	objects = {

/* Begin PBXBuildFile section */
		1E10A050010A84F42517D3F9 /* Pods_Stratagem.framework in Frameworks */ = {isa = PBXBuildFile; fileRef = 500AA38F10AA677CBCF94516 /* Pods_Stratagem.framework */; };
		FF012D3B2551B0420017E288 /* TitleText.swift in Sources */ = {isa = PBXBuildFile; fileRef = FF012D3A2551B0420017E288 /* TitleText.swift */; };
		FF078BCB254F3F8300E9FA7C /* StratagemApp.swift in Sources */ = {isa = PBXBuildFile; fileRef = FF078BCA254F3F8300E9FA7C /* StratagemApp.swift */; };
		FF078BCD254F3F8300E9FA7C /* ContentView.swift in Sources */ = {isa = PBXBuildFile; fileRef = FF078BCC254F3F8300E9FA7C /* ContentView.swift */; };
		FF078BCF254F3F8800E9FA7C /* Assets.xcassets in Resources */ = {isa = PBXBuildFile; fileRef = FF078BCE254F3F8800E9FA7C /* Assets.xcassets */; };
		FF078BD2254F3F8800E9FA7C /* Preview Assets.xcassets in Resources */ = {isa = PBXBuildFile; fileRef = FF078BD1254F3F8800E9FA7C /* Preview Assets.xcassets */; };
		FF078BDB254F3FBE00E9FA7C /* GameScene.swift in Sources */ = {isa = PBXBuildFile; fileRef = FF078BDA254F3FBE00E9FA7C /* GameScene.swift */; };
		FF078BE2254F3FFE00E9FA7C /* GameScene.sks in Resources */ = {isa = PBXBuildFile; fileRef = FF078BE1254F3FFE00E9FA7C /* GameScene.sks */; };
		FF078BE8254F404B00E9FA7C /* BasicScene.swift in Sources */ = {isa = PBXBuildFile; fileRef = FF078BE7254F404B00E9FA7C /* BasicScene.swift */; };
		FF0857492550F39300F0F220 /* ButtonStyles.swift in Sources */ = {isa = PBXBuildFile; fileRef = FF0857482550F39300F0F220 /* ButtonStyles.swift */; };
		FF08576D2550FC5100F0F220 /* Montserrat-ExtraLightItalic.ttf in Resources */ = {isa = PBXBuildFile; fileRef = FF08575B2550FC4E00F0F220 /* Montserrat-ExtraLightItalic.ttf */; };
		FF08576E2550FC5100F0F220 /* Montserrat-ExtraLight.ttf in Resources */ = {isa = PBXBuildFile; fileRef = FF08575C2550FC4E00F0F220 /* Montserrat-ExtraLight.ttf */; };
		FF08576F2550FC5100F0F220 /* Montserrat-ExtraBold.ttf in Resources */ = {isa = PBXBuildFile; fileRef = FF08575D2550FC4E00F0F220 /* Montserrat-ExtraBold.ttf */; };
		FF0857702550FC5100F0F220 /* Montserrat-Bold.ttf in Resources */ = {isa = PBXBuildFile; fileRef = FF08575E2550FC4E00F0F220 /* Montserrat-Bold.ttf */; };
		FF0857712550FC5100F0F220 /* Montserrat-SemiBold.ttf in Resources */ = {isa = PBXBuildFile; fileRef = FF08575F2550FC4E00F0F220 /* Montserrat-SemiBold.ttf */; };
		FF0857722550FC5100F0F220 /* Montserrat-LightItalic.ttf in Resources */ = {isa = PBXBuildFile; fileRef = FF0857602550FC4E00F0F220 /* Montserrat-LightItalic.ttf */; };
		FF0857732550FC5100F0F220 /* Montserrat-ExtraBoldItalic.ttf in Resources */ = {isa = PBXBuildFile; fileRef = FF0857612550FC4F00F0F220 /* Montserrat-ExtraBoldItalic.ttf */; };
		FF0857742550FC5100F0F220 /* Montserrat-Medium.ttf in Resources */ = {isa = PBXBuildFile; fileRef = FF0857622550FC4F00F0F220 /* Montserrat-Medium.ttf */; };
		FF0857752550FC5100F0F220 /* Montserrat-SemiBoldItalic.ttf in Resources */ = {isa = PBXBuildFile; fileRef = FF0857632550FC4F00F0F220 /* Montserrat-SemiBoldItalic.ttf */; };
		FF0857762550FC5100F0F220 /* Montserrat-Thin.ttf in Resources */ = {isa = PBXBuildFile; fileRef = FF0857642550FC4F00F0F220 /* Montserrat-Thin.ttf */; };
		FF0857772550FC5100F0F220 /* Montserrat-Black.ttf in Resources */ = {isa = PBXBuildFile; fileRef = FF0857652550FC4F00F0F220 /* Montserrat-Black.ttf */; };
		FF0857782550FC5100F0F220 /* Montserrat-BoldItalic.ttf in Resources */ = {isa = PBXBuildFile; fileRef = FF0857662550FC4F00F0F220 /* Montserrat-BoldItalic.ttf */; };
		FF0857792550FC5100F0F220 /* Montserrat-ThinItalic.ttf in Resources */ = {isa = PBXBuildFile; fileRef = FF0857672550FC5000F0F220 /* Montserrat-ThinItalic.ttf */; };
		FF08577A2550FC5100F0F220 /* Montserrat-Light.ttf in Resources */ = {isa = PBXBuildFile; fileRef = FF0857682550FC5000F0F220 /* Montserrat-Light.ttf */; };
		FF08577B2550FC5100F0F220 /* Montserrat-MediumItalic.ttf in Resources */ = {isa = PBXBuildFile; fileRef = FF0857692550FC5000F0F220 /* Montserrat-MediumItalic.ttf */; };
		FF08577C2550FC5100F0F220 /* Montserrat-Regular.ttf in Resources */ = {isa = PBXBuildFile; fileRef = FF08576A2550FC5000F0F220 /* Montserrat-Regular.ttf */; };
		FF08577D2550FC5100F0F220 /* Montserrat-BlackItalic.ttf in Resources */ = {isa = PBXBuildFile; fileRef = FF08576B2550FC5100F0F220 /* Montserrat-BlackItalic.ttf */; };
		FF08577E2550FC5100F0F220 /* Montserrat-Italic.ttf in Resources */ = {isa = PBXBuildFile; fileRef = FF08576C2550FC5100F0F220 /* Montserrat-Italic.ttf */; };
		FF33849325599EB9000EF945 /* JoinGameView.swift in Sources */ = {isa = PBXBuildFile; fileRef = FF33849225599EB9000EF945 /* JoinGameView.swift */; };
		FF33849F2559A751000EF945 /* TitleScreenView.swift in Sources */ = {isa = PBXBuildFile; fileRef = FF33849E2559A751000EF945 /* TitleScreenView.swift */; };
		FF40F4712559CF310036E4C7 /* CityView.swift in Sources */ = {isa = PBXBuildFile; fileRef = FF40F4702559CF310036E4C7 /* CityView.swift */; };
		FF57238F2551BFD900872457 /* .gitattributes in Resources */ = {isa = PBXBuildFile; fileRef = FF57238E2551BFD900872457 /* .gitattributes */; };
		FF64B6C825530268006A9F38 /* README.md in Resources */ = {isa = PBXBuildFile; fileRef = FF64B6C725530268006A9F38 /* README.md */; };
		FF65EF1F255DE8D00013C2C4 /* UIExtensions.swift in Sources */ = {isa = PBXBuildFile; fileRef = FF65EF1E255DE8CF0013C2C4 /* UIExtensions.swift */; };
		FF8C4E52254FB11800522756 /* CloudKit.framework in Frameworks */ = {isa = PBXBuildFile; fileRef = FF8C4E51254FB11800522756 /* CloudKit.framework */; };
		FF8C4E5A254FB2CF00522756 /* GameVariables.swift in Sources */ = {isa = PBXBuildFile; fileRef = FF8C4E59254FB2CF00522756 /* GameVariables.swift */; };
		FF8C4E67254FBAFB00522756 /* .gitignore in Resources */ = {isa = PBXBuildFile; fileRef = FF8C4E66254FBAFB00522756 /* .gitignore */; };
		FF8C4E6C254FBCBD00522756 /* SaveData.xcdatamodeld in Sources */ = {isa = PBXBuildFile; fileRef = FF8C4E6A254FBCBD00522756 /* SaveData.xcdatamodeld */; };
		FF96B533255DCB6E00E5F8D4 /* BlurView.swift in Sources */ = {isa = PBXBuildFile; fileRef = FF96B532255DCB6E00E5F8D4 /* BlurView.swift */; };
		FFAD01DE255AE84600BA2907 /* CreateGameView.swift in Sources */ = {isa = PBXBuildFile; fileRef = FFAD01DD255AE84600BA2907 /* CreateGameView.swift */; };
		FFB4A299255CE6A7003298E2 /* FirebaseHelper.swift in Sources */ = {isa = PBXBuildFile; fileRef = FFB4A298255CE6A7003298E2 /* FirebaseHelper.swift */; };
		FFB4A2A7255D9EA1003298E2 /* PlayerManager.swift in Sources */ = {isa = PBXBuildFile; fileRef = FFB4A2A6255D9EA1003298E2 /* PlayerManager.swift */; };
		FFD9693E255B0505005A1BC7 /* Podfile in Resources */ = {isa = PBXBuildFile; fileRef = FFD9693D255B0505005A1BC7 /* Podfile */; };
		FFF2D86C255B88F800CE2990 /* GameLobbyView.swift in Sources */ = {isa = PBXBuildFile; fileRef = FFF2D86B255B88F800CE2990 /* GameLobbyView.swift */; };
		FFF85E3E255C73B700DFDDC2 /* GameListener.swift in Sources */ = {isa = PBXBuildFile; fileRef = FFF85E3D255C73B700DFDDC2 /* GameListener.swift */; };
		FFF85E41255C73C100DFDDC2 /* GamePusher.swift in Sources */ = {isa = PBXBuildFile; fileRef = FFF85E40255C73C100DFDDC2 /* GamePusher.swift */; };
		FFF85E4A255C744300DFDDC2 /* PlayerVariables.swift in Sources */ = {isa = PBXBuildFile; fileRef = FFF85E49255C744300DFDDC2 /* PlayerVariables.swift */; };
		FFF85E4E255C744E00DFDDC2 /* StaticGameVariables.swift in Sources */ = {isa = PBXBuildFile; fileRef = FFF85E4D255C744E00DFDDC2 /* StaticGameVariables.swift */; };
		FFFCFAB9255B296400D03284 /* AppDelegate.swift in Sources */ = {isa = PBXBuildFile; fileRef = FFFCFAB8255B296400D03284 /* AppDelegate.swift */; };
		FFFCFABE255B366700D03284 /* GoogleService-Info.plist in Resources */ = {isa = PBXBuildFile; fileRef = FFFCFABD255B366700D03284 /* GoogleService-Info.plist */; };
		FFFCFAC3255B62B300D03284 /* GameManager.swift in Sources */ = {isa = PBXBuildFile; fileRef = FFFCFAC2255B62B300D03284 /* GameManager.swift */; };
/* End PBXBuildFile section */

/* Begin PBXFileReference section */
		500AA38F10AA677CBCF94516 /* Pods_Stratagem.framework */ = {isa = PBXFileReference; explicitFileType = wrapper.framework; includeInIndex = 0; path = Pods_Stratagem.framework; sourceTree = BUILT_PRODUCTS_DIR; };
		5397A0390D7C1A2EC8CCF6F0 /* Pods-Stratagem.debug.xcconfig */ = {isa = PBXFileReference; includeInIndex = 1; lastKnownFileType = text.xcconfig; name = "Pods-Stratagem.debug.xcconfig"; path = "Target Support Files/Pods-Stratagem/Pods-Stratagem.debug.xcconfig"; sourceTree = "<group>"; };
		E54BF43E273D93EB0EDE54FC /* Pods-Stratagem.release.xcconfig */ = {isa = PBXFileReference; includeInIndex = 1; lastKnownFileType = text.xcconfig; name = "Pods-Stratagem.release.xcconfig"; path = "Target Support Files/Pods-Stratagem/Pods-Stratagem.release.xcconfig"; sourceTree = "<group>"; };
		FF012D3A2551B0420017E288 /* TitleText.swift */ = {isa = PBXFileReference; lastKnownFileType = sourcecode.swift; path = TitleText.swift; sourceTree = "<group>"; };
		FF078BC7254F3F8300E9FA7C /* Stratagem.app */ = {isa = PBXFileReference; explicitFileType = wrapper.application; includeInIndex = 0; path = Stratagem.app; sourceTree = BUILT_PRODUCTS_DIR; };
		FF078BCA254F3F8300E9FA7C /* StratagemApp.swift */ = {isa = PBXFileReference; lastKnownFileType = sourcecode.swift; path = StratagemApp.swift; sourceTree = "<group>"; };
		FF078BCC254F3F8300E9FA7C /* ContentView.swift */ = {isa = PBXFileReference; lastKnownFileType = sourcecode.swift; path = ContentView.swift; sourceTree = "<group>"; };
		FF078BCE254F3F8800E9FA7C /* Assets.xcassets */ = {isa = PBXFileReference; lastKnownFileType = folder.assetcatalog; path = Assets.xcassets; sourceTree = "<group>"; };
		FF078BD1254F3F8800E9FA7C /* Preview Assets.xcassets */ = {isa = PBXFileReference; lastKnownFileType = folder.assetcatalog; path = "Preview Assets.xcassets"; sourceTree = "<group>"; };
		FF078BD3254F3F8800E9FA7C /* Info.plist */ = {isa = PBXFileReference; lastKnownFileType = text.plist.xml; path = Info.plist; sourceTree = "<group>"; };
		FF078BDA254F3FBE00E9FA7C /* GameScene.swift */ = {isa = PBXFileReference; lastKnownFileType = sourcecode.swift; path = GameScene.swift; sourceTree = "<group>"; };
		FF078BE1254F3FFE00E9FA7C /* GameScene.sks */ = {isa = PBXFileReference; lastKnownFileType = file.sks; path = GameScene.sks; sourceTree = "<group>"; };
		FF078BE7254F404B00E9FA7C /* BasicScene.swift */ = {isa = PBXFileReference; lastKnownFileType = sourcecode.swift; path = BasicScene.swift; sourceTree = "<group>"; };
		FF0857482550F39300F0F220 /* ButtonStyles.swift */ = {isa = PBXFileReference; lastKnownFileType = sourcecode.swift; path = ButtonStyles.swift; sourceTree = "<group>"; };
		FF08575B2550FC4E00F0F220 /* Montserrat-ExtraLightItalic.ttf */ = {isa = PBXFileReference; lastKnownFileType = file; path = "Montserrat-ExtraLightItalic.ttf"; sourceTree = "<group>"; };
		FF08575C2550FC4E00F0F220 /* Montserrat-ExtraLight.ttf */ = {isa = PBXFileReference; lastKnownFileType = file; path = "Montserrat-ExtraLight.ttf"; sourceTree = "<group>"; };
		FF08575D2550FC4E00F0F220 /* Montserrat-ExtraBold.ttf */ = {isa = PBXFileReference; lastKnownFileType = file; path = "Montserrat-ExtraBold.ttf"; sourceTree = "<group>"; };
		FF08575E2550FC4E00F0F220 /* Montserrat-Bold.ttf */ = {isa = PBXFileReference; lastKnownFileType = file; path = "Montserrat-Bold.ttf"; sourceTree = "<group>"; };
		FF08575F2550FC4E00F0F220 /* Montserrat-SemiBold.ttf */ = {isa = PBXFileReference; lastKnownFileType = file; path = "Montserrat-SemiBold.ttf"; sourceTree = "<group>"; };
		FF0857602550FC4E00F0F220 /* Montserrat-LightItalic.ttf */ = {isa = PBXFileReference; lastKnownFileType = file; path = "Montserrat-LightItalic.ttf"; sourceTree = "<group>"; };
		FF0857612550FC4F00F0F220 /* Montserrat-ExtraBoldItalic.ttf */ = {isa = PBXFileReference; lastKnownFileType = file; path = "Montserrat-ExtraBoldItalic.ttf"; sourceTree = "<group>"; };
		FF0857622550FC4F00F0F220 /* Montserrat-Medium.ttf */ = {isa = PBXFileReference; lastKnownFileType = file; path = "Montserrat-Medium.ttf"; sourceTree = "<group>"; };
		FF0857632550FC4F00F0F220 /* Montserrat-SemiBoldItalic.ttf */ = {isa = PBXFileReference; lastKnownFileType = file; path = "Montserrat-SemiBoldItalic.ttf"; sourceTree = "<group>"; };
		FF0857642550FC4F00F0F220 /* Montserrat-Thin.ttf */ = {isa = PBXFileReference; lastKnownFileType = file; path = "Montserrat-Thin.ttf"; sourceTree = "<group>"; };
		FF0857652550FC4F00F0F220 /* Montserrat-Black.ttf */ = {isa = PBXFileReference; lastKnownFileType = file; path = "Montserrat-Black.ttf"; sourceTree = "<group>"; };
		FF0857662550FC4F00F0F220 /* Montserrat-BoldItalic.ttf */ = {isa = PBXFileReference; lastKnownFileType = file; path = "Montserrat-BoldItalic.ttf"; sourceTree = "<group>"; };
		FF0857672550FC5000F0F220 /* Montserrat-ThinItalic.ttf */ = {isa = PBXFileReference; lastKnownFileType = file; path = "Montserrat-ThinItalic.ttf"; sourceTree = "<group>"; };
		FF0857682550FC5000F0F220 /* Montserrat-Light.ttf */ = {isa = PBXFileReference; lastKnownFileType = file; path = "Montserrat-Light.ttf"; sourceTree = "<group>"; };
		FF0857692550FC5000F0F220 /* Montserrat-MediumItalic.ttf */ = {isa = PBXFileReference; lastKnownFileType = file; path = "Montserrat-MediumItalic.ttf"; sourceTree = "<group>"; };
		FF08576A2550FC5000F0F220 /* Montserrat-Regular.ttf */ = {isa = PBXFileReference; lastKnownFileType = file; path = "Montserrat-Regular.ttf"; sourceTree = "<group>"; };
		FF08576B2550FC5100F0F220 /* Montserrat-BlackItalic.ttf */ = {isa = PBXFileReference; lastKnownFileType = file; path = "Montserrat-BlackItalic.ttf"; sourceTree = "<group>"; };
		FF08576C2550FC5100F0F220 /* Montserrat-Italic.ttf */ = {isa = PBXFileReference; lastKnownFileType = file; path = "Montserrat-Italic.ttf"; sourceTree = "<group>"; };
		FF33849225599EB9000EF945 /* JoinGameView.swift */ = {isa = PBXFileReference; lastKnownFileType = sourcecode.swift; path = JoinGameView.swift; sourceTree = "<group>"; };
		FF33849E2559A751000EF945 /* TitleScreenView.swift */ = {isa = PBXFileReference; lastKnownFileType = sourcecode.swift; path = TitleScreenView.swift; sourceTree = "<group>"; };
		FF40F4702559CF310036E4C7 /* CityView.swift */ = {isa = PBXFileReference; lastKnownFileType = sourcecode.swift; path = CityView.swift; sourceTree = "<group>"; };
		FF57238E2551BFD900872457 /* .gitattributes */ = {isa = PBXFileReference; lastKnownFileType = text; path = .gitattributes; sourceTree = "<group>"; };
		FF64B6C725530268006A9F38 /* README.md */ = {isa = PBXFileReference; lastKnownFileType = net.daringfireball.markdown; path = README.md; sourceTree = "<group>"; };
		FF65EF1E255DE8CF0013C2C4 /* UIExtensions.swift */ = {isa = PBXFileReference; lastKnownFileType = sourcecode.swift; path = UIExtensions.swift; sourceTree = "<group>"; };
		FF8C4E4E254FB0A200522756 /* Stratagem.entitlements */ = {isa = PBXFileReference; lastKnownFileType = text.plist.entitlements; path = Stratagem.entitlements; sourceTree = "<group>"; };
		FF8C4E51254FB11800522756 /* CloudKit.framework */ = {isa = PBXFileReference; lastKnownFileType = wrapper.framework; name = CloudKit.framework; path = System/Library/Frameworks/CloudKit.framework; sourceTree = SDKROOT; };
		FF8C4E59254FB2CF00522756 /* GameVariables.swift */ = {isa = PBXFileReference; lastKnownFileType = sourcecode.swift; path = GameVariables.swift; sourceTree = "<group>"; };
		FF8C4E66254FBAFB00522756 /* .gitignore */ = {isa = PBXFileReference; lastKnownFileType = text; path = .gitignore; sourceTree = "<group>"; };
		FF8C4E6B254FBCBD00522756 /* SaveData.xcdatamodel */ = {isa = PBXFileReference; lastKnownFileType = wrapper.xcdatamodel; path = SaveData.xcdatamodel; sourceTree = "<group>"; };
		FF96B532255DCB6E00E5F8D4 /* BlurView.swift */ = {isa = PBXFileReference; lastKnownFileType = sourcecode.swift; path = BlurView.swift; sourceTree = "<group>"; };
		FFAD01DD255AE84600BA2907 /* CreateGameView.swift */ = {isa = PBXFileReference; lastKnownFileType = sourcecode.swift; path = CreateGameView.swift; sourceTree = "<group>"; };
		FFB4A298255CE6A7003298E2 /* FirebaseHelper.swift */ = {isa = PBXFileReference; lastKnownFileType = sourcecode.swift; path = FirebaseHelper.swift; sourceTree = "<group>"; };
		FFB4A2A6255D9EA1003298E2 /* PlayerManager.swift */ = {isa = PBXFileReference; lastKnownFileType = sourcecode.swift; path = PlayerManager.swift; sourceTree = "<group>"; };
		FFD9693D255B0505005A1BC7 /* Podfile */ = {isa = PBXFileReference; fileEncoding = 4; lastKnownFileType = text; path = Podfile; sourceTree = "<group>"; xcLanguageSpecificationIdentifier = xcode.lang.ruby; };
		FFF2D86B255B88F800CE2990 /* GameLobbyView.swift */ = {isa = PBXFileReference; lastKnownFileType = sourcecode.swift; path = GameLobbyView.swift; sourceTree = "<group>"; };
		FFF85E3D255C73B700DFDDC2 /* GameListener.swift */ = {isa = PBXFileReference; lastKnownFileType = sourcecode.swift; path = GameListener.swift; sourceTree = "<group>"; };
		FFF85E40255C73C100DFDDC2 /* GamePusher.swift */ = {isa = PBXFileReference; lastKnownFileType = sourcecode.swift; path = GamePusher.swift; sourceTree = "<group>"; };
		FFF85E49255C744300DFDDC2 /* PlayerVariables.swift */ = {isa = PBXFileReference; lastKnownFileType = sourcecode.swift; path = PlayerVariables.swift; sourceTree = "<group>"; };
		FFF85E4D255C744E00DFDDC2 /* StaticGameVariables.swift */ = {isa = PBXFileReference; lastKnownFileType = sourcecode.swift; path = StaticGameVariables.swift; sourceTree = "<group>"; };
		FFFCFAB8255B296400D03284 /* AppDelegate.swift */ = {isa = PBXFileReference; lastKnownFileType = sourcecode.swift; path = AppDelegate.swift; sourceTree = "<group>"; };
		FFFCFABD255B366700D03284 /* GoogleService-Info.plist */ = {isa = PBXFileReference; fileEncoding = 4; lastKnownFileType = text.plist.xml; path = "GoogleService-Info.plist"; sourceTree = "<group>"; };
		FFFCFAC2255B62B300D03284 /* GameManager.swift */ = {isa = PBXFileReference; lastKnownFileType = sourcecode.swift; path = GameManager.swift; sourceTree = "<group>"; };
/* End PBXFileReference section */

/* Begin PBXFrameworksBuildPhase section */
		FF078BC4254F3F8300E9FA7C /* Frameworks */ = {
			isa = PBXFrameworksBuildPhase;
			buildActionMask = 2147483647;
			files = (
				FF8C4E52254FB11800522756 /* CloudKit.framework in Frameworks */,
				1E10A050010A84F42517D3F9 /* Pods_Stratagem.framework in Frameworks */,
			);
			runOnlyForDeploymentPostprocessing = 0;
		};
/* End PBXFrameworksBuildPhase section */

/* Begin PBXGroup section */
		59B0506723D59354ED7DAD04 /* Pods */ = {
			isa = PBXGroup;
			children = (
				5397A0390D7C1A2EC8CCF6F0 /* Pods-Stratagem.debug.xcconfig */,
				E54BF43E273D93EB0EDE54FC /* Pods-Stratagem.release.xcconfig */,
			);
			path = Pods;
			sourceTree = "<group>";
		};
		FF078BBE254F3F8300E9FA7C = {
			isa = PBXGroup;
			children = (
				FF64B6C725530268006A9F38 /* README.md */,
				FF57238E2551BFD900872457 /* .gitattributes */,
				FF8C4E66254FBAFB00522756 /* .gitignore */,
				FFD9693D255B0505005A1BC7 /* Podfile */,
				FF078BC9254F3F8300E9FA7C /* Stratagem */,
				FF08575A2550FC1700F0F220 /* Fonts */,
				FF078BC8254F3F8300E9FA7C /* Products */,
				FF8C4E50254FB11800522756 /* Frameworks */,
				59B0506723D59354ED7DAD04 /* Pods */,
			);
			sourceTree = "<group>";
		};
		FF078BC8254F3F8300E9FA7C /* Products */ = {
			isa = PBXGroup;
			children = (
				FF078BC7254F3F8300E9FA7C /* Stratagem.app */,
			);
			name = Products;
			sourceTree = "<group>";
		};
		FF078BC9254F3F8300E9FA7C /* Stratagem */ = {
			isa = PBXGroup;
			children = (
				FFFCFAB8255B296400D03284 /* AppDelegate.swift */,
				FF8C4E4E254FB0A200522756 /* Stratagem.entitlements */,
				FF078BCA254F3F8300E9FA7C /* StratagemApp.swift */,
				FFF85E48255C742900DFDDC2 /* Variables */,
				FFE1000B2551B7F500DD6608 /* Game Scenes */,
				FF0857472550D8F200F0F220 /* UI Element Styles */,
				FF0857412550D7AE00F0F220 /* UI Views */,
				FF078BCE254F3F8800E9FA7C /* Assets.xcassets */,
				FFFCFAC1255B629700D03284 /* Firebase */,
				FF8C4E4D254FB04200522756 /* Core Data */,
				FF078BD0254F3F8800E9FA7C /* Preview Content */,
				FF078BD3254F3F8800E9FA7C /* Info.plist */,
				FFFCFABD255B366700D03284 /* GoogleService-Info.plist */,
			);
			path = Stratagem;
			sourceTree = "<group>";
		};
		FF078BD0254F3F8800E9FA7C /* Preview Content */ = {
			isa = PBXGroup;
			children = (
				FF078BD1254F3F8800E9FA7C /* Preview Assets.xcassets */,
			);
			path = "Preview Content";
			sourceTree = "<group>";
		};
		FF0857412550D7AE00F0F220 /* UI Views */ = {
			isa = PBXGroup;
			children = (
				FF078BCC254F3F8300E9FA7C /* ContentView.swift */,
				FFF2D86E255B890900CE2990 /* Pregame */,
				FFF2D86F255B891A00CE2990 /* Game */,
				FF35D831255C37540054EC27 /* Postgame */,
			);
			path = "UI Views";
			sourceTree = "<group>";
		};
		FF0857472550D8F200F0F220 /* UI Element Styles */ = {
			isa = PBXGroup;
			children = (
				FF0857482550F39300F0F220 /* ButtonStyles.swift */,
				FF012D3A2551B0420017E288 /* TitleText.swift */,
				FF96B532255DCB6E00E5F8D4 /* BlurView.swift */,
				FF65EF1E255DE8CF0013C2C4 /* UIExtensions.swift */,
			);
			path = "UI Element Styles";
			sourceTree = "<group>";
		};
		FF08575A2550FC1700F0F220 /* Fonts */ = {
			isa = PBXGroup;
			children = (
				FF0857652550FC4F00F0F220 /* Montserrat-Black.ttf */,
				FF08576B2550FC5100F0F220 /* Montserrat-BlackItalic.ttf */,
				FF08575E2550FC4E00F0F220 /* Montserrat-Bold.ttf */,
				FF0857662550FC4F00F0F220 /* Montserrat-BoldItalic.ttf */,
				FF08575D2550FC4E00F0F220 /* Montserrat-ExtraBold.ttf */,
				FF0857612550FC4F00F0F220 /* Montserrat-ExtraBoldItalic.ttf */,
				FF08575C2550FC4E00F0F220 /* Montserrat-ExtraLight.ttf */,
				FF08575B2550FC4E00F0F220 /* Montserrat-ExtraLightItalic.ttf */,
				FF08576C2550FC5100F0F220 /* Montserrat-Italic.ttf */,
				FF0857682550FC5000F0F220 /* Montserrat-Light.ttf */,
				FF0857602550FC4E00F0F220 /* Montserrat-LightItalic.ttf */,
				FF0857622550FC4F00F0F220 /* Montserrat-Medium.ttf */,
				FF0857692550FC5000F0F220 /* Montserrat-MediumItalic.ttf */,
				FF08576A2550FC5000F0F220 /* Montserrat-Regular.ttf */,
				FF08575F2550FC4E00F0F220 /* Montserrat-SemiBold.ttf */,
				FF0857632550FC4F00F0F220 /* Montserrat-SemiBoldItalic.ttf */,
				FF0857642550FC4F00F0F220 /* Montserrat-Thin.ttf */,
				FF0857672550FC5000F0F220 /* Montserrat-ThinItalic.ttf */,
			);
			path = Fonts;
			sourceTree = "<group>";
		};
		FF35D831255C37540054EC27 /* Postgame */ = {
			isa = PBXGroup;
			children = (
			);
			path = Postgame;
			sourceTree = "<group>";
		};
		FF8C4E4D254FB04200522756 /* Core Data */ = {
			isa = PBXGroup;
			children = (
				FF8C4E6A254FBCBD00522756 /* SaveData.xcdatamodeld */,
			);
			path = "Core Data";
			sourceTree = "<group>";
		};
		FF8C4E50254FB11800522756 /* Frameworks */ = {
			isa = PBXGroup;
			children = (
				FF8C4E51254FB11800522756 /* CloudKit.framework */,
				500AA38F10AA677CBCF94516 /* Pods_Stratagem.framework */,
			);
			name = Frameworks;
			sourceTree = "<group>";
		};
		FFE1000B2551B7F500DD6608 /* Game Scenes */ = {
			isa = PBXGroup;
			children = (
				FF078BE7254F404B00E9FA7C /* BasicScene.swift */,
				FF078BE1254F3FFE00E9FA7C /* GameScene.sks */,
				FF078BDA254F3FBE00E9FA7C /* GameScene.swift */,
			);
			path = "Game Scenes";
			sourceTree = "<group>";
		};
		FFF2D86E255B890900CE2990 /* Pregame */ = {
			isa = PBXGroup;
			children = (
				FF33849E2559A751000EF945 /* TitleScreenView.swift */,
				FFAD01DD255AE84600BA2907 /* CreateGameView.swift */,
				FF33849225599EB9000EF945 /* JoinGameView.swift */,
				FFF2D86B255B88F800CE2990 /* GameLobbyView.swift */,
			);
			path = Pregame;
			sourceTree = "<group>";
		};
		FFF2D86F255B891A00CE2990 /* Game */ = {
			isa = PBXGroup;
			children = (
				FF40F4702559CF310036E4C7 /* CityView.swift */,
			);
			path = Game;
			sourceTree = "<group>";
		};
		FFF85E48255C742900DFDDC2 /* Variables */ = {
			isa = PBXGroup;
			children = (
				FFF85E49255C744300DFDDC2 /* PlayerVariables.swift */,
				FFF85E4D255C744E00DFDDC2 /* StaticGameVariables.swift */,
				FF8C4E59254FB2CF00522756 /* GameVariables.swift */,
			);
			path = Variables;
			sourceTree = "<group>";
		};
		FFFCFAC1255B629700D03284 /* Firebase */ = {
			isa = PBXGroup;
			children = (
				FFB4A2A6255D9EA1003298E2 /* PlayerManager.swift */,
				FFFCFAC2255B62B300D03284 /* GameManager.swift */,
				FFF85E3D255C73B700DFDDC2 /* GameListener.swift */,
				FFF85E40255C73C100DFDDC2 /* GamePusher.swift */,
				FFB4A298255CE6A7003298E2 /* FirebaseHelper.swift */,
			);
			path = Firebase;
			sourceTree = "<group>";
		};
/* End PBXGroup section */

/* Begin PBXNativeTarget section */
		FF078BC6254F3F8300E9FA7C /* Stratagem */ = {
			isa = PBXNativeTarget;
			buildConfigurationList = FF078BD6254F3F8800E9FA7C /* Build configuration list for PBXNativeTarget "Stratagem" */;
			buildPhases = (
				0676AD30B3BC9A9FFD7E244E /* [CP] Check Pods Manifest.lock */,
				FF078BC3254F3F8300E9FA7C /* Sources */,
				FF078BC4254F3F8300E9FA7C /* Frameworks */,
				FF078BC5254F3F8300E9FA7C /* Resources */,
				096D843C7868507D5B2BABF3 /* [CP] Embed Pods Frameworks */,
			);
			buildRules = (
			);
			dependencies = (
			);
			name = Stratagem;
			productName = Stratagem;
			productReference = FF078BC7254F3F8300E9FA7C /* Stratagem.app */;
			productType = "com.apple.product-type.application";
		};
/* End PBXNativeTarget section */

/* Begin PBXProject section */
		FF078BBF254F3F8300E9FA7C /* Project object */ = {
			isa = PBXProject;
			attributes = {
				LastSwiftUpdateCheck = 1200;
				LastUpgradeCheck = 1200;
				TargetAttributes = {
					FF078BC6254F3F8300E9FA7C = {
						CreatedOnToolsVersion = 12.0;
					};
				};
			};
			buildConfigurationList = FF078BC2254F3F8300E9FA7C /* Build configuration list for PBXProject "Stratagem" */;
			compatibilityVersion = "Xcode 9.3";
			developmentRegion = en;
			hasScannedForEncodings = 0;
			knownRegions = (
				en,
				Base,
			);
			mainGroup = FF078BBE254F3F8300E9FA7C;
			productRefGroup = FF078BC8254F3F8300E9FA7C /* Products */;
			projectDirPath = "";
			projectRoot = "";
			targets = (
				FF078BC6254F3F8300E9FA7C /* Stratagem */,
			);
		};
/* End PBXProject section */

/* Begin PBXResourcesBuildPhase section */
		FF078BC5254F3F8300E9FA7C /* Resources */ = {
			isa = PBXResourcesBuildPhase;
			buildActionMask = 2147483647;
			files = (
				FF08577B2550FC5100F0F220 /* Montserrat-MediumItalic.ttf in Resources */,
				FF8C4E67254FBAFB00522756 /* .gitignore in Resources */,
				FF08576E2550FC5100F0F220 /* Montserrat-ExtraLight.ttf in Resources */,
				FF57238F2551BFD900872457 /* .gitattributes in Resources */,
				FF078BD2254F3F8800E9FA7C /* Preview Assets.xcassets in Resources */,
				FF08576D2550FC5100F0F220 /* Montserrat-ExtraLightItalic.ttf in Resources */,
				FF64B6C825530268006A9F38 /* README.md in Resources */,
				FF0857702550FC5100F0F220 /* Montserrat-Bold.ttf in Resources */,
				FF078BE2254F3FFE00E9FA7C /* GameScene.sks in Resources */,
				FF0857762550FC5100F0F220 /* Montserrat-Thin.ttf in Resources */,
				FFD9693E255B0505005A1BC7 /* Podfile in Resources */,
				FF08577C2550FC5100F0F220 /* Montserrat-Regular.ttf in Resources */,
				FF0857752550FC5100F0F220 /* Montserrat-SemiBoldItalic.ttf in Resources */,
				FFFCFABE255B366700D03284 /* GoogleService-Info.plist in Resources */,
				FF0857782550FC5100F0F220 /* Montserrat-BoldItalic.ttf in Resources */,
				FF0857792550FC5100F0F220 /* Montserrat-ThinItalic.ttf in Resources */,
				FF0857712550FC5100F0F220 /* Montserrat-SemiBold.ttf in Resources */,
				FF08577E2550FC5100F0F220 /* Montserrat-Italic.ttf in Resources */,
				FF08576F2550FC5100F0F220 /* Montserrat-ExtraBold.ttf in Resources */,
				FF08577A2550FC5100F0F220 /* Montserrat-Light.ttf in Resources */,
				FF08577D2550FC5100F0F220 /* Montserrat-BlackItalic.ttf in Resources */,
				FF0857722550FC5100F0F220 /* Montserrat-LightItalic.ttf in Resources */,
				FF0857772550FC5100F0F220 /* Montserrat-Black.ttf in Resources */,
				FF078BCF254F3F8800E9FA7C /* Assets.xcassets in Resources */,
				FF0857742550FC5100F0F220 /* Montserrat-Medium.ttf in Resources */,
				FF0857732550FC5100F0F220 /* Montserrat-ExtraBoldItalic.ttf in Resources */,
			);
			runOnlyForDeploymentPostprocessing = 0;
		};
/* End PBXResourcesBuildPhase section */

/* Begin PBXShellScriptBuildPhase section */
		0676AD30B3BC9A9FFD7E244E /* [CP] Check Pods Manifest.lock */ = {
			isa = PBXShellScriptBuildPhase;
			buildActionMask = 2147483647;
			files = (
			);
			inputFileListPaths = (
			);
			inputPaths = (
				"${PODS_PODFILE_DIR_PATH}/Podfile.lock",
				"${PODS_ROOT}/Manifest.lock",
			);
			name = "[CP] Check Pods Manifest.lock";
			outputFileListPaths = (
			);
			outputPaths = (
				"$(DERIVED_FILE_DIR)/Pods-Stratagem-checkManifestLockResult.txt",
			);
			runOnlyForDeploymentPostprocessing = 0;
			shellPath = /bin/sh;
			shellScript = "diff \"${PODS_PODFILE_DIR_PATH}/Podfile.lock\" \"${PODS_ROOT}/Manifest.lock\" > /dev/null\nif [ $? != 0 ] ; then\n    # print error to STDERR\n    echo \"error: The sandbox is not in sync with the Podfile.lock. Run 'pod install' or update your CocoaPods installation.\" >&2\n    exit 1\nfi\n# This output is used by Xcode 'outputs' to avoid re-running this script phase.\necho \"SUCCESS\" > \"${SCRIPT_OUTPUT_FILE_0}\"\n";
			showEnvVarsInLog = 0;
		};
		096D843C7868507D5B2BABF3 /* [CP] Embed Pods Frameworks */ = {
			isa = PBXShellScriptBuildPhase;
			buildActionMask = 2147483647;
			files = (
			);
			inputFileListPaths = (
				"${PODS_ROOT}/Target Support Files/Pods-Stratagem/Pods-Stratagem-frameworks-${CONFIGURATION}-input-files.xcfilelist",
			);
			name = "[CP] Embed Pods Frameworks";
			outputFileListPaths = (
				"${PODS_ROOT}/Target Support Files/Pods-Stratagem/Pods-Stratagem-frameworks-${CONFIGURATION}-output-files.xcfilelist",
			);
			runOnlyForDeploymentPostprocessing = 0;
			shellPath = /bin/sh;
			shellScript = "\"${PODS_ROOT}/Target Support Files/Pods-Stratagem/Pods-Stratagem-frameworks.sh\"\n";
			showEnvVarsInLog = 0;
		};
/* End PBXShellScriptBuildPhase section */

/* Begin PBXSourcesBuildPhase section */
		FF078BC3254F3F8300E9FA7C /* Sources */ = {
			isa = PBXSourcesBuildPhase;
			buildActionMask = 2147483647;
			files = (
				FFAD01DE255AE84600BA2907 /* CreateGameView.swift in Sources */,
				FF8C4E6C254FBCBD00522756 /* SaveData.xcdatamodeld in Sources */,
				FFF85E4A255C744300DFDDC2 /* PlayerVariables.swift in Sources */,
				FF012D3B2551B0420017E288 /* TitleText.swift in Sources */,
				FFB4A299255CE6A7003298E2 /* FirebaseHelper.swift in Sources */,
				FFFCFAC3255B62B300D03284 /* GameManager.swift in Sources */,
				FF33849F2559A751000EF945 /* TitleScreenView.swift in Sources */,
				FF8C4E5A254FB2CF00522756 /* GameVariables.swift in Sources */,
				FFF2D86C255B88F800CE2990 /* GameLobbyView.swift in Sources */,
				FF078BE8254F404B00E9FA7C /* BasicScene.swift in Sources */,
				FF40F4712559CF310036E4C7 /* CityView.swift in Sources */,
				FF078BDB254F3FBE00E9FA7C /* GameScene.swift in Sources */,
				FFFCFAB9255B296400D03284 /* AppDelegate.swift in Sources */,
				FF0857492550F39300F0F220 /* ButtonStyles.swift in Sources */,
				FF078BCD254F3F8300E9FA7C /* ContentView.swift in Sources */,
				FF96B533255DCB6E00E5F8D4 /* BlurView.swift in Sources */,
				FFF85E3E255C73B700DFDDC2 /* GameListener.swift in Sources */,
				FF33849325599EB9000EF945 /* JoinGameView.swift in Sources */,
				FFB4A2A7255D9EA1003298E2 /* PlayerManager.swift in Sources */,
				FF078BCB254F3F8300E9FA7C /* StratagemApp.swift in Sources */,
				FF65EF1F255DE8D00013C2C4 /* UIExtensions.swift in Sources */,
				FFF85E41255C73C100DFDDC2 /* GamePusher.swift in Sources */,
				FFF85E4E255C744E00DFDDC2 /* StaticGameVariables.swift in Sources */,
			);
			runOnlyForDeploymentPostprocessing = 0;
		};
/* End PBXSourcesBuildPhase section */

/* Begin XCBuildConfiguration section */
		FF078BD4254F3F8800E9FA7C /* Debug */ = {
			isa = XCBuildConfiguration;
			buildSettings = {
				ALWAYS_SEARCH_USER_PATHS = NO;
				CLANG_ANALYZER_NONNULL = YES;
				CLANG_ANALYZER_NUMBER_OBJECT_CONVERSION = YES_AGGRESSIVE;
				CLANG_CXX_LANGUAGE_STANDARD = "gnu++14";
				CLANG_CXX_LIBRARY = "libc++";
				CLANG_ENABLE_MODULES = YES;
				CLANG_ENABLE_OBJC_ARC = YES;
				CLANG_ENABLE_OBJC_WEAK = YES;
				CLANG_WARN_BLOCK_CAPTURE_AUTORELEASING = YES;
				CLANG_WARN_BOOL_CONVERSION = YES;
				CLANG_WARN_COMMA = YES;
				CLANG_WARN_CONSTANT_CONVERSION = YES;
				CLANG_WARN_DEPRECATED_OBJC_IMPLEMENTATIONS = YES;
				CLANG_WARN_DIRECT_OBJC_ISA_USAGE = YES_ERROR;
				CLANG_WARN_DOCUMENTATION_COMMENTS = YES;
				CLANG_WARN_EMPTY_BODY = YES;
				CLANG_WARN_ENUM_CONVERSION = YES;
				CLANG_WARN_INFINITE_RECURSION = YES;
				CLANG_WARN_INT_CONVERSION = YES;
				CLANG_WARN_NON_LITERAL_NULL_CONVERSION = YES;
				CLANG_WARN_OBJC_IMPLICIT_RETAIN_SELF = YES;
				CLANG_WARN_OBJC_LITERAL_CONVERSION = YES;
				CLANG_WARN_OBJC_ROOT_CLASS = YES_ERROR;
				CLANG_WARN_QUOTED_INCLUDE_IN_FRAMEWORK_HEADER = YES;
				CLANG_WARN_RANGE_LOOP_ANALYSIS = YES;
				CLANG_WARN_STRICT_PROTOTYPES = YES;
				CLANG_WARN_SUSPICIOUS_MOVE = YES;
				CLANG_WARN_UNGUARDED_AVAILABILITY = YES_AGGRESSIVE;
				CLANG_WARN_UNREACHABLE_CODE = YES;
				CLANG_WARN__DUPLICATE_METHOD_MATCH = YES;
				COPY_PHASE_STRIP = NO;
				DEBUG_INFORMATION_FORMAT = dwarf;
				ENABLE_STRICT_OBJC_MSGSEND = YES;
				ENABLE_TESTABILITY = YES;
				GCC_C_LANGUAGE_STANDARD = gnu11;
				GCC_DYNAMIC_NO_PIC = NO;
				GCC_NO_COMMON_BLOCKS = YES;
				GCC_OPTIMIZATION_LEVEL = 0;
				GCC_PREPROCESSOR_DEFINITIONS = (
					"DEBUG=1",
					"$(inherited)",
				);
				GCC_WARN_64_TO_32_BIT_CONVERSION = YES;
				GCC_WARN_ABOUT_RETURN_TYPE = YES_ERROR;
				GCC_WARN_UNDECLARED_SELECTOR = YES;
				GCC_WARN_UNINITIALIZED_AUTOS = YES_AGGRESSIVE;
				GCC_WARN_UNUSED_FUNCTION = YES;
				GCC_WARN_UNUSED_VARIABLE = YES;
				IPHONEOS_DEPLOYMENT_TARGET = 14.0;
				MTL_ENABLE_DEBUG_INFO = INCLUDE_SOURCE;
				MTL_FAST_MATH = YES;
				ONLY_ACTIVE_ARCH = YES;
				SDKROOT = iphoneos;
				SWIFT_ACTIVE_COMPILATION_CONDITIONS = DEBUG;
				SWIFT_OPTIMIZATION_LEVEL = "-Onone";
			};
			name = Debug;
		};
		FF078BD5254F3F8800E9FA7C /* Release */ = {
			isa = XCBuildConfiguration;
			buildSettings = {
				ALWAYS_SEARCH_USER_PATHS = NO;
				CLANG_ANALYZER_NONNULL = YES;
				CLANG_ANALYZER_NUMBER_OBJECT_CONVERSION = YES_AGGRESSIVE;
				CLANG_CXX_LANGUAGE_STANDARD = "gnu++14";
				CLANG_CXX_LIBRARY = "libc++";
				CLANG_ENABLE_MODULES = YES;
				CLANG_ENABLE_OBJC_ARC = YES;
				CLANG_ENABLE_OBJC_WEAK = YES;
				CLANG_WARN_BLOCK_CAPTURE_AUTORELEASING = YES;
				CLANG_WARN_BOOL_CONVERSION = YES;
				CLANG_WARN_COMMA = YES;
				CLANG_WARN_CONSTANT_CONVERSION = YES;
				CLANG_WARN_DEPRECATED_OBJC_IMPLEMENTATIONS = YES;
				CLANG_WARN_DIRECT_OBJC_ISA_USAGE = YES_ERROR;
				CLANG_WARN_DOCUMENTATION_COMMENTS = YES;
				CLANG_WARN_EMPTY_BODY = YES;
				CLANG_WARN_ENUM_CONVERSION = YES;
				CLANG_WARN_INFINITE_RECURSION = YES;
				CLANG_WARN_INT_CONVERSION = YES;
				CLANG_WARN_NON_LITERAL_NULL_CONVERSION = YES;
				CLANG_WARN_OBJC_IMPLICIT_RETAIN_SELF = YES;
				CLANG_WARN_OBJC_LITERAL_CONVERSION = YES;
				CLANG_WARN_OBJC_ROOT_CLASS = YES_ERROR;
				CLANG_WARN_QUOTED_INCLUDE_IN_FRAMEWORK_HEADER = YES;
				CLANG_WARN_RANGE_LOOP_ANALYSIS = YES;
				CLANG_WARN_STRICT_PROTOTYPES = YES;
				CLANG_WARN_SUSPICIOUS_MOVE = YES;
				CLANG_WARN_UNGUARDED_AVAILABILITY = YES_AGGRESSIVE;
				CLANG_WARN_UNREACHABLE_CODE = YES;
				CLANG_WARN__DUPLICATE_METHOD_MATCH = YES;
				COPY_PHASE_STRIP = NO;
				DEBUG_INFORMATION_FORMAT = "dwarf-with-dsym";
				ENABLE_NS_ASSERTIONS = NO;
				ENABLE_STRICT_OBJC_MSGSEND = YES;
				GCC_C_LANGUAGE_STANDARD = gnu11;
				GCC_NO_COMMON_BLOCKS = YES;
				GCC_WARN_64_TO_32_BIT_CONVERSION = YES;
				GCC_WARN_ABOUT_RETURN_TYPE = YES_ERROR;
				GCC_WARN_UNDECLARED_SELECTOR = YES;
				GCC_WARN_UNINITIALIZED_AUTOS = YES_AGGRESSIVE;
				GCC_WARN_UNUSED_FUNCTION = YES;
				GCC_WARN_UNUSED_VARIABLE = YES;
				IPHONEOS_DEPLOYMENT_TARGET = 14.0;
				MTL_ENABLE_DEBUG_INFO = NO;
				MTL_FAST_MATH = YES;
				SDKROOT = iphoneos;
				SWIFT_COMPILATION_MODE = wholemodule;
				SWIFT_OPTIMIZATION_LEVEL = "-O";
				VALIDATE_PRODUCT = YES;
			};
			name = Release;
		};
		FF078BD7254F3F8800E9FA7C /* Debug */ = {
			isa = XCBuildConfiguration;
			baseConfigurationReference = 5397A0390D7C1A2EC8CCF6F0 /* Pods-Stratagem.debug.xcconfig */;
			buildSettings = {
				ASSETCATALOG_COMPILER_APPICON_NAME = AppIcon;
				ASSETCATALOG_COMPILER_GLOBAL_ACCENT_COLOR_NAME = AccentColor;
				CODE_SIGN_ENTITLEMENTS = Stratagem/Stratagem.entitlements;
				CODE_SIGN_STYLE = Automatic;
				DEVELOPMENT_ASSET_PATHS = "\"Stratagem/Preview Content\"";
				DEVELOPMENT_TEAM = 883DK65VTV;
				ENABLE_PREVIEWS = YES;
				INFOPLIST_FILE = Stratagem/Info.plist;
				IPHONEOS_DEPLOYMENT_TARGET = 14.0;
				LD_RUNPATH_SEARCH_PATHS = (
					"$(inherited)",
					"@executable_path/Frameworks",
				);
				PRODUCT_BUNDLE_IDENTIFIER = edu.stratagem;
				PRODUCT_NAME = "$(TARGET_NAME)";
				SWIFT_VERSION = 5.0;
				TARGETED_DEVICE_FAMILY = "1,2";
			};
			name = Debug;
		};
		FF078BD8254F3F8800E9FA7C /* Release */ = {
			isa = XCBuildConfiguration;
			baseConfigurationReference = E54BF43E273D93EB0EDE54FC /* Pods-Stratagem.release.xcconfig */;
			buildSettings = {
				ASSETCATALOG_COMPILER_APPICON_NAME = AppIcon;
				ASSETCATALOG_COMPILER_GLOBAL_ACCENT_COLOR_NAME = AccentColor;
				CODE_SIGN_ENTITLEMENTS = Stratagem/Stratagem.entitlements;
				CODE_SIGN_STYLE = Automatic;
				DEVELOPMENT_ASSET_PATHS = "\"Stratagem/Preview Content\"";
				DEVELOPMENT_TEAM = 883DK65VTV;
				ENABLE_PREVIEWS = YES;
				INFOPLIST_FILE = Stratagem/Info.plist;
				IPHONEOS_DEPLOYMENT_TARGET = 14.0;
				LD_RUNPATH_SEARCH_PATHS = (
					"$(inherited)",
					"@executable_path/Frameworks",
				);
				PRODUCT_BUNDLE_IDENTIFIER = edu.stratagem;
				PRODUCT_NAME = "$(TARGET_NAME)";
				SWIFT_VERSION = 5.0;
				TARGETED_DEVICE_FAMILY = "1,2";
			};
			name = Release;
		};
/* End XCBuildConfiguration section */

/* Begin XCConfigurationList section */
		FF078BC2254F3F8300E9FA7C /* Build configuration list for PBXProject "Stratagem" */ = {
			isa = XCConfigurationList;
			buildConfigurations = (
				FF078BD4254F3F8800E9FA7C /* Debug */,
				FF078BD5254F3F8800E9FA7C /* Release */,
			);
			defaultConfigurationIsVisible = 0;
			defaultConfigurationName = Release;
		};
		FF078BD6254F3F8800E9FA7C /* Build configuration list for PBXNativeTarget "Stratagem" */ = {
			isa = XCConfigurationList;
			buildConfigurations = (
				FF078BD7254F3F8800E9FA7C /* Debug */,
				FF078BD8254F3F8800E9FA7C /* Release */,
			);
			defaultConfigurationIsVisible = 0;
			defaultConfigurationName = Release;
		};
/* End XCConfigurationList section */

/* Begin XCVersionGroup section */
		FF8C4E6A254FBCBD00522756 /* SaveData.xcdatamodeld */ = {
			isa = XCVersionGroup;
			children = (
				FF8C4E6B254FBCBD00522756 /* SaveData.xcdatamodel */,
			);
			currentVersion = FF8C4E6B254FBCBD00522756 /* SaveData.xcdatamodel */;
			path = SaveData.xcdatamodeld;
			sourceTree = "<group>";
			versionGroupType = wrapper.xcdatamodel;
		};
/* End XCVersionGroup section */
	};
	rootObject = FF078BBF254F3F8300E9FA7C /* Project object */;
}
