// !$*UTF8*$!
{
	archiveVersion = 1;
	classes = {
	};
	objectVersion = 50;
	objects = {

/* Begin PBXBuildFile section */
		FF078BCB254F3F8300E9FA7C /* StratagemApp.swift in Sources */ = {isa = PBXBuildFile; fileRef = FF078BCA254F3F8300E9FA7C /* StratagemApp.swift */; };
		FF078BCD254F3F8300E9FA7C /* ContentView.swift in Sources */ = {isa = PBXBuildFile; fileRef = FF078BCC254F3F8300E9FA7C /* ContentView.swift */; };
		FF078BCF254F3F8800E9FA7C /* Assets.xcassets in Resources */ = {isa = PBXBuildFile; fileRef = FF078BCE254F3F8800E9FA7C /* Assets.xcassets */; };
		FF078BD2254F3F8800E9FA7C /* Preview Assets.xcassets in Resources */ = {isa = PBXBuildFile; fileRef = FF078BD1254F3F8800E9FA7C /* Preview Assets.xcassets */; };
		FF078BDB254F3FBE00E9FA7C /* GameScene.swift in Sources */ = {isa = PBXBuildFile; fileRef = FF078BDA254F3FBE00E9FA7C /* GameScene.swift */; };
		FF078BE2254F3FFE00E9FA7C /* GameScene.sks in Resources */ = {isa = PBXBuildFile; fileRef = FF078BE1254F3FFE00E9FA7C /* GameScene.sks */; };
		FF078BE5254F403800E9FA7C /* Variables.swift in Sources */ = {isa = PBXBuildFile; fileRef = FF078BE4254F403800E9FA7C /* Variables.swift */; };
		FF078BE8254F404B00E9FA7C /* BasicScene.swift in Sources */ = {isa = PBXBuildFile; fileRef = FF078BE7254F404B00E9FA7C /* BasicScene.swift */; };
/* End PBXBuildFile section */

/* Begin PBXFileReference section */
		FF078BC7254F3F8300E9FA7C /* Stratagem.app */ = {isa = PBXFileReference; explicitFileType = wrapper.application; includeInIndex = 0; path = Stratagem.app; sourceTree = BUILT_PRODUCTS_DIR; };
		FF078BCA254F3F8300E9FA7C /* StratagemApp.swift */ = {isa = PBXFileReference; lastKnownFileType = sourcecode.swift; path = StratagemApp.swift; sourceTree = "<group>"; };
		FF078BCC254F3F8300E9FA7C /* ContentView.swift */ = {isa = PBXFileReference; lastKnownFileType = sourcecode.swift; path = ContentView.swift; sourceTree = "<group>"; };
		FF078BCE254F3F8800E9FA7C /* Assets.xcassets */ = {isa = PBXFileReference; lastKnownFileType = folder.assetcatalog; path = Assets.xcassets; sourceTree = "<group>"; };
		FF078BD1254F3F8800E9FA7C /* Preview Assets.xcassets */ = {isa = PBXFileReference; lastKnownFileType = folder.assetcatalog; path = "Preview Assets.xcassets"; sourceTree = "<group>"; };
		FF078BD3254F3F8800E9FA7C /* Info.plist */ = {isa = PBXFileReference; lastKnownFileType = text.plist.xml; path = Info.plist; sourceTree = "<group>"; };
		FF078BDA254F3FBE00E9FA7C /* GameScene.swift */ = {isa = PBXFileReference; lastKnownFileType = sourcecode.swift; path = GameScene.swift; sourceTree = "<group>"; };
		FF078BE1254F3FFE00E9FA7C /* GameScene.sks */ = {isa = PBXFileReference; lastKnownFileType = file.sks; path = GameScene.sks; sourceTree = "<group>"; };
		FF078BE4254F403800E9FA7C /* Variables.swift */ = {isa = PBXFileReference; lastKnownFileType = sourcecode.swift; path = Variables.swift; sourceTree = "<group>"; };
		FF078BE7254F404B00E9FA7C /* BasicScene.swift */ = {isa = PBXFileReference; lastKnownFileType = sourcecode.swift; path = BasicScene.swift; sourceTree = "<group>"; };
/* End PBXFileReference section */

/* Begin PBXFrameworksBuildPhase section */
		FF078BC4254F3F8300E9FA7C /* Frameworks */ = {
			isa = PBXFrameworksBuildPhase;
			buildActionMask = 2147483647;
			files = (
			);
			runOnlyForDeploymentPostprocessing = 0;
		};
/* End PBXFrameworksBuildPhase section */

/* Begin PBXGroup section */
		FF078BBE254F3F8300E9FA7C = {
			isa = PBXGroup;
			children = (
				FF078BC8254F3F8300E9FA7C /* Products */,
				FF078BC9254F3F8300E9FA7C /* Stratagem */,
			);
			sourceTree = "<group>";
		};
		FF078BC8254F3F8300E9FA7C /* Products */ = {
			isa = PBXGroup;
			children = (
				FF078BC7254F3F8300E9FA7C /* Stratagem.app */,
			);
			name = Products;
			sourceTree = "<group>";
		};
		FF078BC9254F3F8300E9FA7C /* Stratagem */ = {
			isa = PBXGroup;
			children = (
				FF078BD0254F3F8800E9FA7C /* Preview Content */,
				FF078BCE254F3F8800E9FA7C /* Assets.xcassets */,
				FF078BE7254F404B00E9FA7C /* BasicScene.swift */,
				FF078BCC254F3F8300E9FA7C /* ContentView.swift */,
				FF078BE1254F3FFE00E9FA7C /* GameScene.sks */,
				FF078BDA254F3FBE00E9FA7C /* GameScene.swift */,
				FF078BD3254F3F8800E9FA7C /* Info.plist */,
				FF078BCA254F3F8300E9FA7C /* StratagemApp.swift */,
				FF078BE4254F403800E9FA7C /* Variables.swift */,
			);
			path = Stratagem;
			sourceTree = "<group>";
		};
		FF078BD0254F3F8800E9FA7C /* Preview Content */ = {
			isa = PBXGroup;
			children = (
				FF078BD1254F3F8800E9FA7C /* Preview Assets.xcassets */,
			);
			path = "Preview Content";
			sourceTree = "<group>";
		};
/* End PBXGroup section */

/* Begin PBXNativeTarget section */
		FF078BC6254F3F8300E9FA7C /* Stratagem */ = {
			isa = PBXNativeTarget;
			buildConfigurationList = FF078BD6254F3F8800E9FA7C /* Build configuration list for PBXNativeTarget "Stratagem" */;
			buildPhases = (
				FF078BC3254F3F8300E9FA7C /* Sources */,
				FF078BC4254F3F8300E9FA7C /* Frameworks */,
				FF078BC5254F3F8300E9FA7C /* Resources */,
			);
			buildRules = (
			);
			dependencies = (
			);
			name = Stratagem;
			productName = Stratagem;
			productReference = FF078BC7254F3F8300E9FA7C /* Stratagem.app */;
			productType = "com.apple.product-type.application";
		};
/* End PBXNativeTarget section */

/* Begin PBXProject section */
		FF078BBF254F3F8300E9FA7C /* Project object */ = {
			isa = PBXProject;
			attributes = {
				LastSwiftUpdateCheck = 1200;
				LastUpgradeCheck = 1200;
				TargetAttributes = {
					FF078BC6254F3F8300E9FA7C = {
						CreatedOnToolsVersion = 12.0;
					};
				};
			};
			buildConfigurationList = FF078BC2254F3F8300E9FA7C /* Build configuration list for PBXProject "stratagem" */;
			compatibilityVersion = "Xcode 9.3";
			developmentRegion = en;
			hasScannedForEncodings = 0;
			knownRegions = (
				en,
				Base,
			);
			mainGroup = FF078BBE254F3F8300E9FA7C;
			productRefGroup = FF078BC8254F3F8300E9FA7C /* Products */;
			projectDirPath = "";
			projectRoot = "";
			targets = (
				FF078BC6254F3F8300E9FA7C /* Stratagem */,
			);
		};
/* End PBXProject section */

/* Begin PBXResourcesBuildPhase section */
		FF078BC5254F3F8300E9FA7C /* Resources */ = {
			isa = PBXResourcesBuildPhase;
			buildActionMask = 2147483647;
			files = (
				FF078BD2254F3F8800E9FA7C /* Preview Assets.xcassets in Resources */,
				FF078BE2254F3FFE00E9FA7C /* GameScene.sks in Resources */,
				FF078BCF254F3F8800E9FA7C /* Assets.xcassets in Resources */,
			);
			runOnlyForDeploymentPostprocessing = 0;
		};
/* End PBXResourcesBuildPhase section */

/* Begin PBXSourcesBuildPhase section */
		FF078BC3254F3F8300E9FA7C /* Sources */ = {
			isa = PBXSourcesBuildPhase;
			buildActionMask = 2147483647;
			files = (
				FF078BE8254F404B00E9FA7C /* BasicScene.swift in Sources */,
				FF078BDB254F3FBE00E9FA7C /* GameScene.swift in Sources */,
				FF078BCD254F3F8300E9FA7C /* ContentView.swift in Sources */,
				FF078BCB254F3F8300E9FA7C /* StratagemApp.swift in Sources */,
				FF078BE5254F403800E9FA7C /* Variables.swift in Sources */,
			);
			runOnlyForDeploymentPostprocessing = 0;
		};
/* End PBXSourcesBuildPhase section */

/* Begin XCBuildConfiguration section */
		FF078BD4254F3F8800E9FA7C /* Debug */ = {
			isa = XCBuildConfiguration;
			buildSettings = {
				ALWAYS_SEARCH_USER_PATHS = NO;
				CLANG_ANALYZER_NONNULL = YES;
				CLANG_ANALYZER_NUMBER_OBJECT_CONVERSION = YES_AGGRESSIVE;
				CLANG_CXX_LANGUAGE_STANDARD = "gnu++14";
				CLANG_CXX_LIBRARY = "libc++";
				CLANG_ENABLE_MODULES = YES;
				CLANG_ENABLE_OBJC_ARC = YES;
				CLANG_ENABLE_OBJC_WEAK = YES;
				CLANG_WARN_BLOCK_CAPTURE_AUTORELEASING = YES;
				CLANG_WARN_BOOL_CONVERSION = YES;
				CLANG_WARN_COMMA = YES;
				CLANG_WARN_CONSTANT_CONVERSION = YES;
				CLANG_WARN_DEPRECATED_OBJC_IMPLEMENTATIONS = YES;
				CLANG_WARN_DIRECT_OBJC_ISA_USAGE = YES_ERROR;
				CLANG_WARN_DOCUMENTATION_COMMENTS = YES;
				CLANG_WARN_EMPTY_BODY = YES;
				CLANG_WARN_ENUM_CONVERSION = YES;
				CLANG_WARN_INFINITE_RECURSION = YES;
				CLANG_WARN_INT_CONVERSION = YES;
				CLANG_WARN_NON_LITERAL_NULL_CONVERSION = YES;
				CLANG_WARN_OBJC_IMPLICIT_RETAIN_SELF = YES;
				CLANG_WARN_OBJC_LITERAL_CONVERSION = YES;
				CLANG_WARN_OBJC_ROOT_CLASS = YES_ERROR;
				CLANG_WARN_QUOTED_INCLUDE_IN_FRAMEWORK_HEADER = YES;
				CLANG_WARN_RANGE_LOOP_ANALYSIS = YES;
				CLANG_WARN_STRICT_PROTOTYPES = YES;
				CLANG_WARN_SUSPICIOUS_MOVE = YES;
				CLANG_WARN_UNGUARDED_AVAILABILITY = YES_AGGRESSIVE;
				CLANG_WARN_UNREACHABLE_CODE = YES;
				CLANG_WARN__DUPLICATE_METHOD_MATCH = YES;
				COPY_PHASE_STRIP = NO;
				DEBUG_INFORMATION_FORMAT = dwarf;
				ENABLE_STRICT_OBJC_MSGSEND = YES;
				ENABLE_TESTABILITY = YES;
				GCC_C_LANGUAGE_STANDARD = gnu11;
				GCC_DYNAMIC_NO_PIC = NO;
				GCC_NO_COMMON_BLOCKS = YES;
				GCC_OPTIMIZATION_LEVEL = 0;
				GCC_PREPROCESSOR_DEFINITIONS = (
					"DEBUG=1",
					"$(inherited)",
				);
				GCC_WARN_64_TO_32_BIT_CONVERSION = YES;
				GCC_WARN_ABOUT_RETURN_TYPE = YES_ERROR;
				GCC_WARN_UNDECLARED_SELECTOR = YES;
				GCC_WARN_UNINITIALIZED_AUTOS = YES_AGGRESSIVE;
				GCC_WARN_UNUSED_FUNCTION = YES;
				GCC_WARN_UNUSED_VARIABLE = YES;
				IPHONEOS_DEPLOYMENT_TARGET = 14.0;
				MTL_ENABLE_DEBUG_INFO = INCLUDE_SOURCE;
				MTL_FAST_MATH = YES;
				ONLY_ACTIVE_ARCH = YES;
				SDKROOT = iphoneos;
				SWIFT_ACTIVE_COMPILATION_CONDITIONS = DEBUG;
				SWIFT_OPTIMIZATION_LEVEL = "-Onone";
			};
			name = Debug;
		};
		FF078BD5254F3F8800E9FA7C /* Release */ = {
			isa = XCBuildConfiguration;
			buildSettings = {
				ALWAYS_SEARCH_USER_PATHS = NO;
				CLANG_ANALYZER_NONNULL = YES;
				CLANG_ANALYZER_NUMBER_OBJECT_CONVERSION = YES_AGGRESSIVE;
				CLANG_CXX_LANGUAGE_STANDARD = "gnu++14";
				CLANG_CXX_LIBRARY = "libc++";
				CLANG_ENABLE_MODULES = YES;
				CLANG_ENABLE_OBJC_ARC = YES;
				CLANG_ENABLE_OBJC_WEAK = YES;
				CLANG_WARN_BLOCK_CAPTURE_AUTORELEASING = YES;
				CLANG_WARN_BOOL_CONVERSION = YES;
				CLANG_WARN_COMMA = YES;
				CLANG_WARN_CONSTANT_CONVERSION = YES;
				CLANG_WARN_DEPRECATED_OBJC_IMPLEMENTATIONS = YES;
				CLANG_WARN_DIRECT_OBJC_ISA_USAGE = YES_ERROR;
				CLANG_WARN_DOCUMENTATION_COMMENTS = YES;
				CLANG_WARN_EMPTY_BODY = YES;
				CLANG_WARN_ENUM_CONVERSION = YES;
				CLANG_WARN_INFINITE_RECURSION = YES;
				CLANG_WARN_INT_CONVERSION = YES;
				CLANG_WARN_NON_LITERAL_NULL_CONVERSION = YES;
				CLANG_WARN_OBJC_IMPLICIT_RETAIN_SELF = YES;
				CLANG_WARN_OBJC_LITERAL_CONVERSION = YES;
				CLANG_WARN_OBJC_ROOT_CLASS = YES_ERROR;
				CLANG_WARN_QUOTED_INCLUDE_IN_FRAMEWORK_HEADER = YES;
				CLANG_WARN_RANGE_LOOP_ANALYSIS = YES;
				CLANG_WARN_STRICT_PROTOTYPES = YES;
				CLANG_WARN_SUSPICIOUS_MOVE = YES;
				CLANG_WARN_UNGUARDED_AVAILABILITY = YES_AGGRESSIVE;
				CLANG_WARN_UNREACHABLE_CODE = YES;
				CLANG_WARN__DUPLICATE_METHOD_MATCH = YES;
				COPY_PHASE_STRIP = NO;
				DEBUG_INFORMATION_FORMAT = "dwarf-with-dsym";
				ENABLE_NS_ASSERTIONS = NO;
				ENABLE_STRICT_OBJC_MSGSEND = YES;
				GCC_C_LANGUAGE_STANDARD = gnu11;
				GCC_NO_COMMON_BLOCKS = YES;
				GCC_WARN_64_TO_32_BIT_CONVERSION = YES;
				GCC_WARN_ABOUT_RETURN_TYPE = YES_ERROR;
				GCC_WARN_UNDECLARED_SELECTOR = YES;
				GCC_WARN_UNINITIALIZED_AUTOS = YES_AGGRESSIVE;
				GCC_WARN_UNUSED_FUNCTION = YES;
				GCC_WARN_UNUSED_VARIABLE = YES;
				IPHONEOS_DEPLOYMENT_TARGET = 14.0;
				MTL_ENABLE_DEBUG_INFO = NO;
				MTL_FAST_MATH = YES;
				SDKROOT = iphoneos;
				SWIFT_COMPILATION_MODE = wholemodule;
				SWIFT_OPTIMIZATION_LEVEL = "-O";
				VALIDATE_PRODUCT = YES;
			};
			name = Release;
		};
		FF078BD7254F3F8800E9FA7C /* Debug */ = {
			isa = XCBuildConfiguration;
			buildSettings = {
				ASSETCATALOG_COMPILER_APPICON_NAME = AppIcon;
				ASSETCATALOG_COMPILER_GLOBAL_ACCENT_COLOR_NAME = AccentColor;
				CODE_SIGN_STYLE = Automatic;
				DEVELOPMENT_ASSET_PATHS = "\"Stratagem/Preview Content\"";
				DEVELOPMENT_TEAM = SM67NNK6C4;
				ENABLE_PREVIEWS = YES;
				INFOPLIST_FILE = Stratagem/Info.plist;
				IPHONEOS_DEPLOYMENT_TARGET = 14.0;
				LD_RUNPATH_SEARCH_PATHS = (
					"$(inherited)",
					"@executable_path/Frameworks",
				);
				PRODUCT_BUNDLE_IDENTIFIER = "Stratagem-Root";
				PRODUCT_NAME = "$(TARGET_NAME)";
				SWIFT_VERSION = 5.0;
				TARGETED_DEVICE_FAMILY = "1,2";
			};
			name = Debug;
		};
		FF078BD8254F3F8800E9FA7C /* Release */ = {
			isa = XCBuildConfiguration;
			buildSettings = {
				ASSETCATALOG_COMPILER_APPICON_NAME = AppIcon;
				ASSETCATALOG_COMPILER_GLOBAL_ACCENT_COLOR_NAME = AccentColor;
				CODE_SIGN_STYLE = Automatic;
				DEVELOPMENT_ASSET_PATHS = "\"Stratagem/Preview Content\"";
				DEVELOPMENT_TEAM = SM67NNK6C4;
				ENABLE_PREVIEWS = YES;
				INFOPLIST_FILE = Stratagem/Info.plist;
				IPHONEOS_DEPLOYMENT_TARGET = 14.0;
				LD_RUNPATH_SEARCH_PATHS = (
					"$(inherited)",
					"@executable_path/Frameworks",
				);
				PRODUCT_BUNDLE_IDENTIFIER = "Stratagem-Root";
				PRODUCT_NAME = "$(TARGET_NAME)";
				SWIFT_VERSION = 5.0;
				TARGETED_DEVICE_FAMILY = "1,2";
			};
			name = Release;
		};
/* End XCBuildConfiguration section */

/* Begin XCConfigurationList section */
		FF078BC2254F3F8300E9FA7C /* Build configuration list for PBXProject "stratagem" */ = {
			isa = XCConfigurationList;
			buildConfigurations = (
				FF078BD4254F3F8800E9FA7C /* Debug */,
				FF078BD5254F3F8800E9FA7C /* Release */,
			);
			defaultConfigurationIsVisible = 0;
			defaultConfigurationName = Release;
		};
		FF078BD6254F3F8800E9FA7C /* Build configuration list for PBXNativeTarget "Stratagem" */ = {
			isa = XCConfigurationList;
			buildConfigurations = (
				FF078BD7254F3F8800E9FA7C /* Debug */,
				FF078BD8254F3F8800E9FA7C /* Release */,
			);
			defaultConfigurationIsVisible = 0;
			defaultConfigurationName = Release;
		};
/* End XCConfigurationList section */
	};
	rootObject = FF078BBF254F3F8300E9FA7C /* Project object */;
}
