// !$*UTF8*$!
{
	archiveVersion = 1;
	classes = {
	};
	objectVersion = 51;
	objects = {

/* Begin PBXBuildFile section */
		CE1004BF256856BC0077941A /* PlanetSphereView.swift in Sources */ = {isa = PBXBuildFile; fileRef = CE1004BE256856BC0077941A /* PlanetSphereView.swift */; };
		CE1004E12569E1B70077941A /* GalaxyView.swift in Sources */ = {isa = PBXBuildFile; fileRef = CE1004E02569E1B70077941A /* GalaxyView.swift */; };
		CE2B4E6B257FEA1100A4A146 /* PlanetView.swift in Sources */ = {isa = PBXBuildFile; fileRef = CE2B4E6A257FEA1100A4A146 /* PlanetView.swift */; };
		CE3B15B225828AFB00F096D6 /* Brawlers.swift in Sources */ = {isa = PBXBuildFile; fileRef = CE3B15B125828AFB00F096D6 /* Brawlers.swift */; };
		CE5EFF312583E9E70096FB39 /* PlanetTransfer.swift in Sources */ = {isa = PBXBuildFile; fileRef = CE5EFF302583E9E70096FB39 /* PlanetTransfer.swift */; };
		CE8F1382257488AC0038156C /* GalaxyScene.swift in Sources */ = {isa = PBXBuildFile; fileRef = CE8F1381257488AC0038156C /* GalaxyScene.swift */; };
		CE8F1394257605D70038156C /* Updater.swift in Sources */ = {isa = PBXBuildFile; fileRef = CE8F1393257605D70038156C /* Updater.swift */; };
		CEA07C262585B8F2009CBBCD /* CombatHandler.swift in Sources */ = {isa = PBXBuildFile; fileRef = CEA07C252585B8F2009CBBCD /* CombatHandler.swift */; };
		CEAA0E132582E44300C7512C /* CityTransfer.swift in Sources */ = {isa = PBXBuildFile; fileRef = CEAA0E122582E44300C7512C /* CityTransfer.swift */; };
		CEC3A8DE257960840009E3DC /* PlanetMap.swift in Sources */ = {isa = PBXBuildFile; fileRef = CEC3A8DD257960840009E3DC /* PlanetMap.swift */; };
		CEC77EC525812D4B00CA1446 /* PlanetPanel.swift in Sources */ = {isa = PBXBuildFile; fileRef = CEC77EC425812D4B00CA1446 /* PlanetPanel.swift */; };
		CEC78654256C1B51001E440F /* GameView.swift in Sources */ = {isa = PBXBuildFile; fileRef = CEC78653256C1B51001E440F /* GameView.swift */; };
		CECA7740255E3F1700CE9F69 /* GameVariables.swift in Sources */ = {isa = PBXBuildFile; fileRef = CECA773F255E3F1700CE9F69 /* GameVariables.swift */; };
		CED306E42585FAEF003BC31C /* Spaceship.swift in Sources */ = {isa = PBXBuildFile; fileRef = CED306E32585FAEF003BC31C /* Spaceship.swift */; };
		FF012D3B2551B0420017E288 /* TitleText.swift in Sources */ = {isa = PBXBuildFile; fileRef = FF012D3A2551B0420017E288 /* TitleText.swift */; };
		FF078BCB254F3F8300E9FA7C /* StratagemApp.swift in Sources */ = {isa = PBXBuildFile; fileRef = FF078BCA254F3F8300E9FA7C /* StratagemApp.swift */; };
		FF078BCD254F3F8300E9FA7C /* ContentView.swift in Sources */ = {isa = PBXBuildFile; fileRef = FF078BCC254F3F8300E9FA7C /* ContentView.swift */; };
		FF078BCF254F3F8800E9FA7C /* Assets.xcassets in Resources */ = {isa = PBXBuildFile; fileRef = FF078BCE254F3F8800E9FA7C /* Assets.xcassets */; };
		FF078BD2254F3F8800E9FA7C /* Preview Assets.xcassets in Resources */ = {isa = PBXBuildFile; fileRef = FF078BD1254F3F8800E9FA7C /* Preview Assets.xcassets */; };
		FF0857492550F39300F0F220 /* ButtonStyles.swift in Sources */ = {isa = PBXBuildFile; fileRef = FF0857482550F39300F0F220 /* ButtonStyles.swift */; };
		FF08576D2550FC5100F0F220 /* Montserrat-ExtraLightItalic.ttf in Resources */ = {isa = PBXBuildFile; fileRef = FF08575B2550FC4E00F0F220 /* Montserrat-ExtraLightItalic.ttf */; };
		FF08576E2550FC5100F0F220 /* Montserrat-ExtraLight.ttf in Resources */ = {isa = PBXBuildFile; fileRef = FF08575C2550FC4E00F0F220 /* Montserrat-ExtraLight.ttf */; };
		FF08576F2550FC5100F0F220 /* Montserrat-ExtraBold.ttf in Resources */ = {isa = PBXBuildFile; fileRef = FF08575D2550FC4E00F0F220 /* Montserrat-ExtraBold.ttf */; };
		FF0857702550FC5100F0F220 /* Montserrat-Bold.ttf in Resources */ = {isa = PBXBuildFile; fileRef = FF08575E2550FC4E00F0F220 /* Montserrat-Bold.ttf */; };
		FF0857712550FC5100F0F220 /* Montserrat-SemiBold.ttf in Resources */ = {isa = PBXBuildFile; fileRef = FF08575F2550FC4E00F0F220 /* Montserrat-SemiBold.ttf */; };
		FF0857722550FC5100F0F220 /* Montserrat-LightItalic.ttf in Resources */ = {isa = PBXBuildFile; fileRef = FF0857602550FC4E00F0F220 /* Montserrat-LightItalic.ttf */; };
		FF0857732550FC5100F0F220 /* Montserrat-ExtraBoldItalic.ttf in Resources */ = {isa = PBXBuildFile; fileRef = FF0857612550FC4F00F0F220 /* Montserrat-ExtraBoldItalic.ttf */; };
		FF0857742550FC5100F0F220 /* Montserrat-Medium.ttf in Resources */ = {isa = PBXBuildFile; fileRef = FF0857622550FC4F00F0F220 /* Montserrat-Medium.ttf */; };
		FF0857752550FC5100F0F220 /* Montserrat-SemiBoldItalic.ttf in Resources */ = {isa = PBXBuildFile; fileRef = FF0857632550FC4F00F0F220 /* Montserrat-SemiBoldItalic.ttf */; };
		FF0857762550FC5100F0F220 /* Montserrat-Thin.ttf in Resources */ = {isa = PBXBuildFile; fileRef = FF0857642550FC4F00F0F220 /* Montserrat-Thin.ttf */; };
		FF0857772550FC5100F0F220 /* Montserrat-Black.ttf in Resources */ = {isa = PBXBuildFile; fileRef = FF0857652550FC4F00F0F220 /* Montserrat-Black.ttf */; };
		FF0857782550FC5100F0F220 /* Montserrat-BoldItalic.ttf in Resources */ = {isa = PBXBuildFile; fileRef = FF0857662550FC4F00F0F220 /* Montserrat-BoldItalic.ttf */; };
		FF0857792550FC5100F0F220 /* Montserrat-ThinItalic.ttf in Resources */ = {isa = PBXBuildFile; fileRef = FF0857672550FC5000F0F220 /* Montserrat-ThinItalic.ttf */; };
		FF08577A2550FC5100F0F220 /* Montserrat-Light.ttf in Resources */ = {isa = PBXBuildFile; fileRef = FF0857682550FC5000F0F220 /* Montserrat-Light.ttf */; };
		FF08577B2550FC5100F0F220 /* Montserrat-MediumItalic.ttf in Resources */ = {isa = PBXBuildFile; fileRef = FF0857692550FC5000F0F220 /* Montserrat-MediumItalic.ttf */; };
		FF08577C2550FC5100F0F220 /* Montserrat-Regular.ttf in Resources */ = {isa = PBXBuildFile; fileRef = FF08576A2550FC5000F0F220 /* Montserrat-Regular.ttf */; };
		FF08577D2550FC5100F0F220 /* Montserrat-BlackItalic.ttf in Resources */ = {isa = PBXBuildFile; fileRef = FF08576B2550FC5100F0F220 /* Montserrat-BlackItalic.ttf */; };
		FF08577E2550FC5100F0F220 /* Montserrat-Italic.ttf in Resources */ = {isa = PBXBuildFile; fileRef = FF08576C2550FC5100F0F220 /* Montserrat-Italic.ttf */; };
		FF0CAB9A25646250009681C8 /* LoopingVideo.swift in Sources */ = {isa = PBXBuildFile; fileRef = FF0CAB9925646250009681C8 /* LoopingVideo.swift */; };
		FF0CABA1256464BF009681C8 /* starfield.mp4 in Resources */ = {isa = PBXBuildFile; fileRef = FF0CABA0256464BE009681C8 /* starfield.mp4 */; };
		FF1B13D7256B0B81005158C9 /* City.swift in Sources */ = {isa = PBXBuildFile; fileRef = FF1B13D6256B0B81005158C9 /* City.swift */; };
		FF1B13EA256B67DB005158C9 /* Base.tmx in Resources */ = {isa = PBXBuildFile; fileRef = FF1B13E9256B67DB005158C9 /* Base.tmx */; };
		FF2CF3772571C39E00B71DB8 /* block_water.png in Resources */ = {isa = PBXBuildFile; fileRef = FF2CF3732571C39E00B71DB8 /* block_water.png */; };
		FF2CF3782571C39E00B71DB8 /* block_sand.png in Resources */ = {isa = PBXBuildFile; fileRef = FF2CF3742571C39E00B71DB8 /* block_sand.png */; };
		FF2CF3792571C39E00B71DB8 /* block_grass.png in Resources */ = {isa = PBXBuildFile; fileRef = FF2CF3752571C39E00B71DB8 /* block_grass.png */; };
		FF33849325599EB9000EF945 /* JoinGameView.swift in Sources */ = {isa = PBXBuildFile; fileRef = FF33849225599EB9000EF945 /* JoinGameView.swift */; };
		FF33849F2559A751000EF945 /* TitleScreenView.swift in Sources */ = {isa = PBXBuildFile; fileRef = FF33849E2559A751000EF945 /* TitleScreenView.swift */; };
		FF3789AB255F823B00D30F66 /* ErrorPopup.swift in Sources */ = {isa = PBXBuildFile; fileRef = FF3789AA255F823B00D30F66 /* ErrorPopup.swift */; };
		FF40F4712559CF310036E4C7 /* CityView.swift in Sources */ = {isa = PBXBuildFile; fileRef = FF40F4702559CF310036E4C7 /* CityView.swift */; };
		FF49D7022577E9EE006A282E /* Road.swift in Sources */ = {isa = PBXBuildFile; fileRef = FF49D7012577E9EE006A282E /* Road.swift */; };
		FF49D7052577EA01006A282E /* ResidentialBuilding.swift in Sources */ = {isa = PBXBuildFile; fileRef = FF49D7042577EA01006A282E /* ResidentialBuilding.swift */; };
		FF49D7092577EA18006A282E /* IndustrialBuilding.swift in Sources */ = {isa = PBXBuildFile; fileRef = FF49D7082577EA18006A282E /* IndustrialBuilding.swift */; };
		FF49D70C2577EA22006A282E /* MilitaryBuilding.swift in Sources */ = {isa = PBXBuildFile; fileRef = FF49D70B2577EA22006A282E /* MilitaryBuilding.swift */; };
		FF57238F2551BFD900872457 /* .gitattributes in Resources */ = {isa = PBXBuildFile; fileRef = FF57238E2551BFD900872457 /* .gitattributes */; };
		FF5AF90A255E489F00836F03 /* Units.swift in Sources */ = {isa = PBXBuildFile; fileRef = FF5AF909255E489F00836F03 /* Units.swift */; };
		FF64B6C825530268006A9F38 /* README.md in Resources */ = {isa = PBXBuildFile; fileRef = FF64B6C725530268006A9F38 /* README.md */; };
		FF65EF1F255DE8D00013C2C4 /* UIExtensions.swift in Sources */ = {isa = PBXBuildFile; fileRef = FF65EF1E255DE8CF0013C2C4 /* UIExtensions.swift */; };
		FF74189E2587C4C700A4BC42 /* robot factory.png in Resources */ = {isa = PBXBuildFile; fileRef = FF74189D2587C4C700A4BC42 /* robot factory.png */; };
		FF7418A42587C4E300A4BC42 /* rock.png in Resources */ = {isa = PBXBuildFile; fileRef = FF7418A02587C4E100A4BC42 /* rock.png */; };
		FF7418A52587C4E300A4BC42 /* sand.png in Resources */ = {isa = PBXBuildFile; fileRef = FF7418A12587C4E200A4BC42 /* sand.png */; };
		FF7418A62587C4E300A4BC42 /* water.png in Resources */ = {isa = PBXBuildFile; fileRef = FF7418A22587C4E200A4BC42 /* water.png */; };
		FF7418A72587C4E300A4BC42 /* grass.png in Resources */ = {isa = PBXBuildFile; fileRef = FF7418A32587C4E300A4BC42 /* grass.png */; };
		FF7418AF2587C52900A4BC42 /* roadtile1110.png in Resources */ = {isa = PBXBuildFile; fileRef = FF7418A92587C52700A4BC42 /* roadtile1110.png */; };
		FF7418B02587C52900A4BC42 /* roadtile0101.png in Resources */ = {isa = PBXBuildFile; fileRef = FF7418AA2587C52700A4BC42 /* roadtile0101.png */; };
		FF7418B12587C52900A4BC42 /* roadtile0111.png in Resources */ = {isa = PBXBuildFile; fileRef = FF7418AB2587C52800A4BC42 /* roadtile0111.png */; };
		FF7418B22587C52900A4BC42 /* roadtile1101.png in Resources */ = {isa = PBXBuildFile; fileRef = FF7418AC2587C52800A4BC42 /* roadtile1101.png */; };
		FF7418B32587C52900A4BC42 /* roadtile1011.png in Resources */ = {isa = PBXBuildFile; fileRef = FF7418AD2587C52900A4BC42 /* roadtile1011.png */; };
		FF7418B42587C52900A4BC42 /* roadtile1010.png in Resources */ = {isa = PBXBuildFile; fileRef = FF7418AE2587C52900A4BC42 /* roadtile1010.png */; };
		FF7418BB2587C52F00A4BC42 /* roadtile1000.png in Resources */ = {isa = PBXBuildFile; fileRef = FF7418B62587C52E00A4BC42 /* roadtile1000.png */; };
		FF7418BC2587C52F00A4BC42 /* roadtile0010.png in Resources */ = {isa = PBXBuildFile; fileRef = FF7418B72587C52E00A4BC42 /* roadtile0010.png */; };
		FF7418BD2587C52F00A4BC42 /* roadtile0100.png in Resources */ = {isa = PBXBuildFile; fileRef = FF7418B82587C52F00A4BC42 /* roadtile0100.png */; };
		FF7418BE2587C52F00A4BC42 /* roadtile0001.png in Resources */ = {isa = PBXBuildFile; fileRef = FF7418B92587C52F00A4BC42 /* roadtile0001.png */; };
		FF7418BF2587C52F00A4BC42 /* roadtile0000.png in Resources */ = {isa = PBXBuildFile; fileRef = FF7418BA2587C52F00A4BC42 /* roadtile0000.png */; };
		FF7418C32587C77400A4BC42 /* Tileset.tsx in Resources */ = {isa = PBXBuildFile; fileRef = FF7418C22587C77400A4BC42 /* Tileset.tsx */; };
		FF8545592584485500D2D51F /* Queue.swift in Sources */ = {isa = PBXBuildFile; fileRef = FF8545582584485500D2D51F /* Queue.swift */; };
		FF88BDA4256E0B7B00DF0E40 /* CityTile.swift in Sources */ = {isa = PBXBuildFile; fileRef = FF88BDA3256E0B7B00DF0E40 /* CityTile.swift */; };
		FF88BDA7256E0BC100DF0E40 /* CityBuilding.swift in Sources */ = {isa = PBXBuildFile; fileRef = FF88BDA6256E0BC100DF0E40 /* CityBuilding.swift */; };
		FF88BDB8256EB24F00DF0E40 /* HudNode.swift in Sources */ = {isa = PBXBuildFile; fileRef = FF88BDB7256EB24F00DF0E40 /* HudNode.swift */; };
		FF8C4E67254FBAFB00522756 /* .gitignore in Resources */ = {isa = PBXBuildFile; fileRef = FF8C4E66254FBAFB00522756 /* .gitignore */; };
		FF8C4E6C254FBCBD00522756 /* (null) in Sources */ = {isa = PBXBuildFile; };
		FF96B533255DCB6E00E5F8D4 /* VisualEffectView.swift in Sources */ = {isa = PBXBuildFile; fileRef = FF96B532255DCB6E00E5F8D4 /* VisualEffectView.swift */; };
		FF9D7D69256574890076C8DF /* HFGameListener.swift in Sources */ = {isa = PBXBuildFile; fileRef = FF9D7D68256574890076C8DF /* HFGameListener.swift */; };
		FFA3FFB925662A9500CFA406 /* Prototype.tmx in Resources */ = {isa = PBXBuildFile; fileRef = FFA3FFB825662A9500CFA406 /* Prototype.tmx */; };
		FFA3FFBC25662C0B00CFA406 /* PrototypePack.tsx in Resources */ = {isa = PBXBuildFile; fileRef = FFA3FFBB25662C0B00CFA406 /* PrototypePack.tsx */; };
		FFA55AC5256C6D9700EB12D9 /* Perlin2D.swift in Sources */ = {isa = PBXBuildFile; fileRef = FFA55AC4256C6D9700EB12D9 /* Perlin2D.swift */; };
		FFAD01DE255AE84600BA2907 /* CreateGameView.swift in Sources */ = {isa = PBXBuildFile; fileRef = FFAD01DD255AE84600BA2907 /* CreateGameView.swift */; };
		FFB4A299255CE6A7003298E2 /* FirebaseHelper.swift in Sources */ = {isa = PBXBuildFile; fileRef = FFB4A298255CE6A7003298E2 /* FirebaseHelper.swift */; };
		FFB4A2A7255D9EA1003298E2 /* PlayerManager.swift in Sources */ = {isa = PBXBuildFile; fileRef = FFB4A2A6255D9EA1003298E2 /* PlayerManager.swift */; };
		FFD4AE5B257E8A93000BACEE /* SwiftySKScrollView.swift in Sources */ = {isa = PBXBuildFile; fileRef = FFD4AE5A257E8A93000BACEE /* SwiftySKScrollView.swift */; };
		FFD9693E255B0505005A1BC7 /* Podfile in Resources */ = {isa = PBXBuildFile; fileRef = FFD9693D255B0505005A1BC7 /* Podfile */; };
		FFDCC4C925769B6F00D880B3 /* road.png in Resources */ = {isa = PBXBuildFile; fileRef = FFDCC4C625769B6E00D880B3 /* road.png */; };
		FFDCC4CA25769B6F00D880B3 /* building residential.png in Resources */ = {isa = PBXBuildFile; fileRef = FFDCC4C725769B6E00D880B3 /* building residential.png */; };
		FFDCC4CB25769B6F00D880B3 /* building industrial.png in Resources */ = {isa = PBXBuildFile; fileRef = FFDCC4C825769B6E00D880B3 /* building industrial.png */; };
		FFE69956257409FC00CD8517 /* Global.swift in Sources */ = {isa = PBXBuildFile; fileRef = FFE69955257409FC00CD8517 /* Global.swift */; };
		FFE6EE1125746BA300BB677B /* CityScene.swift in Sources */ = {isa = PBXBuildFile; fileRef = FFE6EE1025746BA300BB677B /* CityScene.swift */; };
		FFE6EE1625746BD000BB677B /* Galaxy.swift in Sources */ = {isa = PBXBuildFile; fileRef = FFE6EE1525746BD000BB677B /* Galaxy.swift */; };
		FFE6EE1A25746BF800BB677B /* Planet.swift in Sources */ = {isa = PBXBuildFile; fileRef = FFE6EE1925746BF800BB677B /* Planet.swift */; };
		FFE6EE2225749C3900BB677B /* Collection+choose.swift in Sources */ = {isa = PBXBuildFile; fileRef = FFE6EE2125749C3900BB677B /* Collection+choose.swift */; };
		FFE76E2425809226001525F3 /* robot factory.png in Resources */ = {isa = PBXBuildFile; fileRef = FFE76E2325809225001525F3 /* robot factory.png */; };
		FFF0358D2579A2200069F5F0 /* iron.png in Resources */ = {isa = PBXBuildFile; fileRef = FFF0358B2579A2200069F5F0 /* iron.png */; };
		FFF0358E2579A2200069F5F0 /* oil.png in Resources */ = {isa = PBXBuildFile; fileRef = FFF0358C2579A2200069F5F0 /* oil.png */; };
		FFF03591257A889C0069F5F0 /* iron miner.png in Resources */ = {isa = PBXBuildFile; fileRef = FFF03590257A889C0069F5F0 /* iron miner.png */; };
		FFF2D86C255B88F800CE2990 /* GameLobbyView.swift in Sources */ = {isa = PBXBuildFile; fileRef = FFF2D86B255B88F800CE2990 /* GameLobbyView.swift */; };
		FFF85E3E255C73B700DFDDC2 /* LFGameListener.swift in Sources */ = {isa = PBXBuildFile; fileRef = FFF85E3D255C73B700DFDDC2 /* LFGameListener.swift */; };
		FFF85E41255C73C100DFDDC2 /* HFGamePusher.swift in Sources */ = {isa = PBXBuildFile; fileRef = FFF85E40255C73C100DFDDC2 /* HFGamePusher.swift */; };
		FFF85E4A255C744300DFDDC2 /* PlayerVariables.swift in Sources */ = {isa = PBXBuildFile; fileRef = FFF85E49255C744300DFDDC2 /* PlayerVariables.swift */; };
		FFF85E4E255C744E00DFDDC2 /* StaticGameVariables.swift in Sources */ = {isa = PBXBuildFile; fileRef = FFF85E4D255C744E00DFDDC2 /* StaticGameVariables.swift */; };
		FFF9DA872575549400C18D8D /* city_names.txt in Resources */ = {isa = PBXBuildFile; fileRef = FFF9DA862575549400C18D8D /* city_names.txt */; };
		FFF9DA8A25755BD900C18D8D /* planet_names.txt in Resources */ = {isa = PBXBuildFile; fileRef = FFF9DA8925755BD900C18D8D /* planet_names.txt */; };
		FFFCFAB9255B296400D03284 /* AppDelegate.swift in Sources */ = {isa = PBXBuildFile; fileRef = FFFCFAB8255B296400D03284 /* AppDelegate.swift */; };
		FFFCFABE255B366700D03284 /* GoogleService-Info.plist in Resources */ = {isa = PBXBuildFile; fileRef = FFFCFABD255B366700D03284 /* GoogleService-Info.plist */; };
		FFFCFAC3255B62B300D03284 /* LFGameManager.swift in Sources */ = {isa = PBXBuildFile; fileRef = FFFCFAC2255B62B300D03284 /* LFGameManager.swift */; };
/* End PBXBuildFile section */

/* Begin PBXFileReference section */
		500AA38F10AA677CBCF94516 /* Pods_Stratagem.framework */ = {isa = PBXFileReference; explicitFileType = wrapper.framework; includeInIndex = 0; path = Pods_Stratagem.framework; sourceTree = BUILT_PRODUCTS_DIR; };
		5397A0390D7C1A2EC8CCF6F0 /* Pods-Stratagem.debug.xcconfig */ = {isa = PBXFileReference; includeInIndex = 1; lastKnownFileType = text.xcconfig; name = "Pods-Stratagem.debug.xcconfig"; path = "Target Support Files/Pods-Stratagem/Pods-Stratagem.debug.xcconfig"; sourceTree = "<group>"; };
		CE1004BE256856BC0077941A /* PlanetSphereView.swift */ = {isa = PBXFileReference; lastKnownFileType = sourcecode.swift; path = PlanetSphereView.swift; sourceTree = "<group>"; };
		CE1004E02569E1B70077941A /* GalaxyView.swift */ = {isa = PBXFileReference; lastKnownFileType = sourcecode.swift; path = GalaxyView.swift; sourceTree = "<group>"; };
		CE2B4E6A257FEA1100A4A146 /* PlanetView.swift */ = {isa = PBXFileReference; lastKnownFileType = sourcecode.swift; path = PlanetView.swift; sourceTree = "<group>"; };
		CE3B15B125828AFB00F096D6 /* Brawlers.swift */ = {isa = PBXFileReference; lastKnownFileType = sourcecode.swift; path = Brawlers.swift; sourceTree = "<group>"; };
		CE5EFF302583E9E70096FB39 /* PlanetTransfer.swift */ = {isa = PBXFileReference; lastKnownFileType = sourcecode.swift; path = PlanetTransfer.swift; sourceTree = "<group>"; };
		CE8F1381257488AC0038156C /* GalaxyScene.swift */ = {isa = PBXFileReference; lastKnownFileType = sourcecode.swift; path = GalaxyScene.swift; sourceTree = "<group>"; };
		CE8F1393257605D70038156C /* Updater.swift */ = {isa = PBXFileReference; lastKnownFileType = sourcecode.swift; path = Updater.swift; sourceTree = "<group>"; };
		CEA07C252585B8F2009CBBCD /* CombatHandler.swift */ = {isa = PBXFileReference; lastKnownFileType = sourcecode.swift; path = CombatHandler.swift; sourceTree = "<group>"; };
		CEAA0E122582E44300C7512C /* CityTransfer.swift */ = {isa = PBXFileReference; lastKnownFileType = sourcecode.swift; path = CityTransfer.swift; sourceTree = "<group>"; };
		CEC3A8DD257960840009E3DC /* PlanetMap.swift */ = {isa = PBXFileReference; lastKnownFileType = sourcecode.swift; path = PlanetMap.swift; sourceTree = "<group>"; };
		CEC77EC425812D4B00CA1446 /* PlanetPanel.swift */ = {isa = PBXFileReference; lastKnownFileType = sourcecode.swift; path = PlanetPanel.swift; sourceTree = "<group>"; };
		CEC78653256C1B51001E440F /* GameView.swift */ = {isa = PBXFileReference; lastKnownFileType = sourcecode.swift; path = GameView.swift; sourceTree = "<group>"; };
		CECA773F255E3F1700CE9F69 /* GameVariables.swift */ = {isa = PBXFileReference; lastKnownFileType = sourcecode.swift; path = GameVariables.swift; sourceTree = "<group>"; };
		CED306E32585FAEF003BC31C /* Spaceship.swift */ = {isa = PBXFileReference; lastKnownFileType = sourcecode.swift; path = Spaceship.swift; sourceTree = "<group>"; };
		E54BF43E273D93EB0EDE54FC /* Pods-Stratagem.release.xcconfig */ = {isa = PBXFileReference; includeInIndex = 1; lastKnownFileType = text.xcconfig; name = "Pods-Stratagem.release.xcconfig"; path = "Target Support Files/Pods-Stratagem/Pods-Stratagem.release.xcconfig"; sourceTree = "<group>"; };
		FF012D3A2551B0420017E288 /* TitleText.swift */ = {isa = PBXFileReference; lastKnownFileType = sourcecode.swift; path = TitleText.swift; sourceTree = "<group>"; };
		FF078BC7254F3F8300E9FA7C /* Stratagem.app */ = {isa = PBXFileReference; explicitFileType = wrapper.application; includeInIndex = 0; path = Stratagem.app; sourceTree = BUILT_PRODUCTS_DIR; };
		FF078BCA254F3F8300E9FA7C /* StratagemApp.swift */ = {isa = PBXFileReference; lastKnownFileType = sourcecode.swift; path = StratagemApp.swift; sourceTree = "<group>"; };
		FF078BCC254F3F8300E9FA7C /* ContentView.swift */ = {isa = PBXFileReference; lastKnownFileType = sourcecode.swift; path = ContentView.swift; sourceTree = "<group>"; };
		FF078BCE254F3F8800E9FA7C /* Assets.xcassets */ = {isa = PBXFileReference; lastKnownFileType = folder.assetcatalog; path = Assets.xcassets; sourceTree = "<group>"; };
		FF078BD1254F3F8800E9FA7C /* Preview Assets.xcassets */ = {isa = PBXFileReference; lastKnownFileType = folder.assetcatalog; path = "Preview Assets.xcassets"; sourceTree = "<group>"; };
		FF078BD3254F3F8800E9FA7C /* Info.plist */ = {isa = PBXFileReference; lastKnownFileType = text.plist.xml; path = Info.plist; sourceTree = "<group>"; };
		FF0857482550F39300F0F220 /* ButtonStyles.swift */ = {isa = PBXFileReference; lastKnownFileType = sourcecode.swift; path = ButtonStyles.swift; sourceTree = "<group>"; };
		FF08575B2550FC4E00F0F220 /* Montserrat-ExtraLightItalic.ttf */ = {isa = PBXFileReference; lastKnownFileType = file; path = "Montserrat-ExtraLightItalic.ttf"; sourceTree = "<group>"; };
		FF08575C2550FC4E00F0F220 /* Montserrat-ExtraLight.ttf */ = {isa = PBXFileReference; lastKnownFileType = file; path = "Montserrat-ExtraLight.ttf"; sourceTree = "<group>"; };
		FF08575D2550FC4E00F0F220 /* Montserrat-ExtraBold.ttf */ = {isa = PBXFileReference; lastKnownFileType = file; path = "Montserrat-ExtraBold.ttf"; sourceTree = "<group>"; };
		FF08575E2550FC4E00F0F220 /* Montserrat-Bold.ttf */ = {isa = PBXFileReference; lastKnownFileType = file; path = "Montserrat-Bold.ttf"; sourceTree = "<group>"; };
		FF08575F2550FC4E00F0F220 /* Montserrat-SemiBold.ttf */ = {isa = PBXFileReference; lastKnownFileType = file; path = "Montserrat-SemiBold.ttf"; sourceTree = "<group>"; };
		FF0857602550FC4E00F0F220 /* Montserrat-LightItalic.ttf */ = {isa = PBXFileReference; lastKnownFileType = file; path = "Montserrat-LightItalic.ttf"; sourceTree = "<group>"; };
		FF0857612550FC4F00F0F220 /* Montserrat-ExtraBoldItalic.ttf */ = {isa = PBXFileReference; lastKnownFileType = file; path = "Montserrat-ExtraBoldItalic.ttf"; sourceTree = "<group>"; };
		FF0857622550FC4F00F0F220 /* Montserrat-Medium.ttf */ = {isa = PBXFileReference; lastKnownFileType = file; path = "Montserrat-Medium.ttf"; sourceTree = "<group>"; };
		FF0857632550FC4F00F0F220 /* Montserrat-SemiBoldItalic.ttf */ = {isa = PBXFileReference; lastKnownFileType = file; path = "Montserrat-SemiBoldItalic.ttf"; sourceTree = "<group>"; };
		FF0857642550FC4F00F0F220 /* Montserrat-Thin.ttf */ = {isa = PBXFileReference; lastKnownFileType = file; path = "Montserrat-Thin.ttf"; sourceTree = "<group>"; };
		FF0857652550FC4F00F0F220 /* Montserrat-Black.ttf */ = {isa = PBXFileReference; lastKnownFileType = file; path = "Montserrat-Black.ttf"; sourceTree = "<group>"; };
		FF0857662550FC4F00F0F220 /* Montserrat-BoldItalic.ttf */ = {isa = PBXFileReference; lastKnownFileType = file; path = "Montserrat-BoldItalic.ttf"; sourceTree = "<group>"; };
		FF0857672550FC5000F0F220 /* Montserrat-ThinItalic.ttf */ = {isa = PBXFileReference; lastKnownFileType = file; path = "Montserrat-ThinItalic.ttf"; sourceTree = "<group>"; };
		FF0857682550FC5000F0F220 /* Montserrat-Light.ttf */ = {isa = PBXFileReference; lastKnownFileType = file; path = "Montserrat-Light.ttf"; sourceTree = "<group>"; };
		FF0857692550FC5000F0F220 /* Montserrat-MediumItalic.ttf */ = {isa = PBXFileReference; lastKnownFileType = file; path = "Montserrat-MediumItalic.ttf"; sourceTree = "<group>"; };
		FF08576A2550FC5000F0F220 /* Montserrat-Regular.ttf */ = {isa = PBXFileReference; lastKnownFileType = file; path = "Montserrat-Regular.ttf"; sourceTree = "<group>"; };
		FF08576B2550FC5100F0F220 /* Montserrat-BlackItalic.ttf */ = {isa = PBXFileReference; lastKnownFileType = file; path = "Montserrat-BlackItalic.ttf"; sourceTree = "<group>"; };
		FF08576C2550FC5100F0F220 /* Montserrat-Italic.ttf */ = {isa = PBXFileReference; lastKnownFileType = file; path = "Montserrat-Italic.ttf"; sourceTree = "<group>"; };
		FF0CAB9925646250009681C8 /* LoopingVideo.swift */ = {isa = PBXFileReference; lastKnownFileType = sourcecode.swift; path = LoopingVideo.swift; sourceTree = "<group>"; };
		FF0CABA0256464BE009681C8 /* starfield.mp4 */ = {isa = PBXFileReference; lastKnownFileType = file; path = starfield.mp4; sourceTree = "<group>"; };
		FF1B13D6256B0B81005158C9 /* City.swift */ = {isa = PBXFileReference; lastKnownFileType = sourcecode.swift; path = City.swift; sourceTree = "<group>"; };
		FF1B13E9256B67DB005158C9 /* Base.tmx */ = {isa = PBXFileReference; fileEncoding = 4; lastKnownFileType = text.xml; path = Base.tmx; sourceTree = "<group>"; };
		FF2CF3732571C39E00B71DB8 /* block_water.png */ = {isa = PBXFileReference; lastKnownFileType = image.png; path = block_water.png; sourceTree = "<group>"; };
		FF2CF3742571C39E00B71DB8 /* block_sand.png */ = {isa = PBXFileReference; lastKnownFileType = image.png; path = block_sand.png; sourceTree = "<group>"; };
		FF2CF3752571C39E00B71DB8 /* block_grass.png */ = {isa = PBXFileReference; lastKnownFileType = image.png; path = block_grass.png; sourceTree = "<group>"; };
		FF33849225599EB9000EF945 /* JoinGameView.swift */ = {isa = PBXFileReference; lastKnownFileType = sourcecode.swift; path = JoinGameView.swift; sourceTree = "<group>"; };
		FF33849E2559A751000EF945 /* TitleScreenView.swift */ = {isa = PBXFileReference; lastKnownFileType = sourcecode.swift; path = TitleScreenView.swift; sourceTree = "<group>"; };
		FF3789AA255F823B00D30F66 /* ErrorPopup.swift */ = {isa = PBXFileReference; lastKnownFileType = sourcecode.swift; path = ErrorPopup.swift; sourceTree = "<group>"; };
		FF40F4702559CF310036E4C7 /* CityView.swift */ = {isa = PBXFileReference; lastKnownFileType = sourcecode.swift; path = CityView.swift; sourceTree = "<group>"; };
		FF49D7012577E9EE006A282E /* Road.swift */ = {isa = PBXFileReference; lastKnownFileType = sourcecode.swift; path = Road.swift; sourceTree = "<group>"; };
		FF49D7042577EA01006A282E /* ResidentialBuilding.swift */ = {isa = PBXFileReference; lastKnownFileType = sourcecode.swift; path = ResidentialBuilding.swift; sourceTree = "<group>"; };
		FF49D7082577EA18006A282E /* IndustrialBuilding.swift */ = {isa = PBXFileReference; lastKnownFileType = sourcecode.swift; path = IndustrialBuilding.swift; sourceTree = "<group>"; };
		FF49D70B2577EA22006A282E /* MilitaryBuilding.swift */ = {isa = PBXFileReference; lastKnownFileType = sourcecode.swift; path = MilitaryBuilding.swift; sourceTree = "<group>"; };
		FF57238E2551BFD900872457 /* .gitattributes */ = {isa = PBXFileReference; lastKnownFileType = text; path = .gitattributes; sourceTree = "<group>"; };
		FF5AF909255E489F00836F03 /* Units.swift */ = {isa = PBXFileReference; fileEncoding = 4; lastKnownFileType = sourcecode.swift; name = Units.swift; path = Instantiatable/Units.swift; sourceTree = "<group>"; };
		FF64B6C725530268006A9F38 /* README.md */ = {isa = PBXFileReference; lastKnownFileType = net.daringfireball.markdown; path = README.md; sourceTree = "<group>"; };
		FF65EF1E255DE8CF0013C2C4 /* UIExtensions.swift */ = {isa = PBXFileReference; lastKnownFileType = sourcecode.swift; path = UIExtensions.swift; sourceTree = "<group>"; };
		FF74189D2587C4C700A4BC42 /* robot factory.png */ = {isa = PBXFileReference; lastKnownFileType = image.png; path = "robot factory.png"; sourceTree = "<group>"; };
		FF7418A02587C4E100A4BC42 /* rock.png */ = {isa = PBXFileReference; lastKnownFileType = image.png; path = rock.png; sourceTree = "<group>"; };
		FF7418A12587C4E200A4BC42 /* sand.png */ = {isa = PBXFileReference; lastKnownFileType = image.png; path = sand.png; sourceTree = "<group>"; };
		FF7418A22587C4E200A4BC42 /* water.png */ = {isa = PBXFileReference; lastKnownFileType = image.png; path = water.png; sourceTree = "<group>"; };
		FF7418A32587C4E300A4BC42 /* grass.png */ = {isa = PBXFileReference; lastKnownFileType = image.png; path = grass.png; sourceTree = "<group>"; };
		FF7418A92587C52700A4BC42 /* roadtile1110.png */ = {isa = PBXFileReference; lastKnownFileType = image.png; path = roadtile1110.png; sourceTree = "<group>"; };
		FF7418AA2587C52700A4BC42 /* roadtile0101.png */ = {isa = PBXFileReference; lastKnownFileType = image.png; path = roadtile0101.png; sourceTree = "<group>"; };
		FF7418AB2587C52800A4BC42 /* roadtile0111.png */ = {isa = PBXFileReference; lastKnownFileType = image.png; path = roadtile0111.png; sourceTree = "<group>"; };
		FF7418AC2587C52800A4BC42 /* roadtile1101.png */ = {isa = PBXFileReference; lastKnownFileType = image.png; path = roadtile1101.png; sourceTree = "<group>"; };
		FF7418AD2587C52900A4BC42 /* roadtile1011.png */ = {isa = PBXFileReference; lastKnownFileType = image.png; path = roadtile1011.png; sourceTree = "<group>"; };
		FF7418AE2587C52900A4BC42 /* roadtile1010.png */ = {isa = PBXFileReference; lastKnownFileType = image.png; path = roadtile1010.png; sourceTree = "<group>"; };
		FF7418B62587C52E00A4BC42 /* roadtile1000.png */ = {isa = PBXFileReference; lastKnownFileType = image.png; path = roadtile1000.png; sourceTree = "<group>"; };
		FF7418B72587C52E00A4BC42 /* roadtile0010.png */ = {isa = PBXFileReference; lastKnownFileType = image.png; path = roadtile0010.png; sourceTree = "<group>"; };
		FF7418B82587C52F00A4BC42 /* roadtile0100.png */ = {isa = PBXFileReference; lastKnownFileType = image.png; path = roadtile0100.png; sourceTree = "<group>"; };
		FF7418B92587C52F00A4BC42 /* roadtile0001.png */ = {isa = PBXFileReference; lastKnownFileType = image.png; path = roadtile0001.png; sourceTree = "<group>"; };
		FF7418BA2587C52F00A4BC42 /* roadtile0000.png */ = {isa = PBXFileReference; lastKnownFileType = image.png; path = roadtile0000.png; sourceTree = "<group>"; };
		FF7418C22587C77400A4BC42 /* Tileset.tsx */ = {isa = PBXFileReference; fileEncoding = 4; lastKnownFileType = text.xml; path = Tileset.tsx; sourceTree = "<group>"; };
		FF8545582584485500D2D51F /* Queue.swift */ = {isa = PBXFileReference; lastKnownFileType = sourcecode.swift; path = Queue.swift; sourceTree = "<group>"; };
		FF88BDA3256E0B7B00DF0E40 /* CityTile.swift */ = {isa = PBXFileReference; lastKnownFileType = sourcecode.swift; path = CityTile.swift; sourceTree = "<group>"; };
		FF88BDA6256E0BC100DF0E40 /* CityBuilding.swift */ = {isa = PBXFileReference; lastKnownFileType = sourcecode.swift; path = CityBuilding.swift; sourceTree = "<group>"; };
		FF88BDB7256EB24F00DF0E40 /* HudNode.swift */ = {isa = PBXFileReference; lastKnownFileType = sourcecode.swift; path = HudNode.swift; sourceTree = "<group>"; };
		FF8C4E4E254FB0A200522756 /* Stratagem.entitlements */ = {isa = PBXFileReference; lastKnownFileType = text.plist.entitlements; path = Stratagem.entitlements; sourceTree = "<group>"; };
		FF8C4E51254FB11800522756 /* CloudKit.framework */ = {isa = PBXFileReference; lastKnownFileType = wrapper.framework; name = CloudKit.framework; path = System/Library/Frameworks/CloudKit.framework; sourceTree = SDKROOT; };
		FF8C4E66254FBAFB00522756 /* .gitignore */ = {isa = PBXFileReference; lastKnownFileType = text; path = .gitignore; sourceTree = "<group>"; };
		FF96B532255DCB6E00E5F8D4 /* VisualEffectView.swift */ = {isa = PBXFileReference; lastKnownFileType = sourcecode.swift; path = VisualEffectView.swift; sourceTree = "<group>"; };
		FF9D7D68256574890076C8DF /* HFGameListener.swift */ = {isa = PBXFileReference; lastKnownFileType = sourcecode.swift; path = HFGameListener.swift; sourceTree = "<group>"; };
		FFA3FFB825662A9500CFA406 /* Prototype.tmx */ = {isa = PBXFileReference; fileEncoding = 4; lastKnownFileType = text.xml; path = Prototype.tmx; sourceTree = "<group>"; };
		FFA3FFBB25662C0B00CFA406 /* PrototypePack.tsx */ = {isa = PBXFileReference; fileEncoding = 4; lastKnownFileType = text.xml; path = PrototypePack.tsx; sourceTree = "<group>"; };
		FFA55AC4256C6D9700EB12D9 /* Perlin2D.swift */ = {isa = PBXFileReference; lastKnownFileType = sourcecode.swift; path = Perlin2D.swift; sourceTree = "<group>"; };
		FFAD01DD255AE84600BA2907 /* CreateGameView.swift */ = {isa = PBXFileReference; lastKnownFileType = sourcecode.swift; path = CreateGameView.swift; sourceTree = "<group>"; };
		FFB4A298255CE6A7003298E2 /* FirebaseHelper.swift */ = {isa = PBXFileReference; lastKnownFileType = sourcecode.swift; path = FirebaseHelper.swift; sourceTree = "<group>"; };
		FFB4A2A6255D9EA1003298E2 /* PlayerManager.swift */ = {isa = PBXFileReference; lastKnownFileType = sourcecode.swift; path = PlayerManager.swift; sourceTree = "<group>"; };
		FFD4AE5A257E8A93000BACEE /* SwiftySKScrollView.swift */ = {isa = PBXFileReference; lastKnownFileType = sourcecode.swift; path = SwiftySKScrollView.swift; sourceTree = "<group>"; };
		FFD9693D255B0505005A1BC7 /* Podfile */ = {isa = PBXFileReference; fileEncoding = 4; lastKnownFileType = text; path = Podfile; sourceTree = "<group>"; xcLanguageSpecificationIdentifier = xcode.lang.ruby; };
		FFDCC4C625769B6E00D880B3 /* road.png */ = {isa = PBXFileReference; lastKnownFileType = image.png; path = road.png; sourceTree = "<group>"; };
		FFDCC4C725769B6E00D880B3 /* building residential.png */ = {isa = PBXFileReference; lastKnownFileType = image.png; path = "building residential.png"; sourceTree = "<group>"; };
		FFDCC4C825769B6E00D880B3 /* building industrial.png */ = {isa = PBXFileReference; lastKnownFileType = image.png; path = "building industrial.png"; sourceTree = "<group>"; };
		FFE69955257409FC00CD8517 /* Global.swift */ = {isa = PBXFileReference; lastKnownFileType = sourcecode.swift; path = Global.swift; sourceTree = "<group>"; };
		FFE6EE1025746BA300BB677B /* CityScene.swift */ = {isa = PBXFileReference; fileEncoding = 4; lastKnownFileType = sourcecode.swift; path = CityScene.swift; sourceTree = "<group>"; };
		FFE6EE1525746BD000BB677B /* Galaxy.swift */ = {isa = PBXFileReference; lastKnownFileType = sourcecode.swift; path = Galaxy.swift; sourceTree = "<group>"; };
		FFE6EE1925746BF800BB677B /* Planet.swift */ = {isa = PBXFileReference; lastKnownFileType = sourcecode.swift; path = Planet.swift; sourceTree = "<group>"; };
		FFE6EE2125749C3900BB677B /* Collection+choose.swift */ = {isa = PBXFileReference; lastKnownFileType = sourcecode.swift; path = "Collection+choose.swift"; sourceTree = "<group>"; };
		FFE76E2325809225001525F3 /* robot factory.png */ = {isa = PBXFileReference; lastKnownFileType = image.png; path = "robot factory.png"; sourceTree = "<group>"; };
		FFF0358B2579A2200069F5F0 /* iron.png */ = {isa = PBXFileReference; lastKnownFileType = image.png; path = iron.png; sourceTree = "<group>"; };
		FFF0358C2579A2200069F5F0 /* oil.png */ = {isa = PBXFileReference; lastKnownFileType = image.png; path = oil.png; sourceTree = "<group>"; };
		FFF03590257A889C0069F5F0 /* iron miner.png */ = {isa = PBXFileReference; lastKnownFileType = image.png; path = "iron miner.png"; sourceTree = "<group>"; };
		FFF2D86B255B88F800CE2990 /* GameLobbyView.swift */ = {isa = PBXFileReference; lastKnownFileType = sourcecode.swift; path = GameLobbyView.swift; sourceTree = "<group>"; };
		FFF85E3D255C73B700DFDDC2 /* LFGameListener.swift */ = {isa = PBXFileReference; lastKnownFileType = sourcecode.swift; path = LFGameListener.swift; sourceTree = "<group>"; };
		FFF85E40255C73C100DFDDC2 /* HFGamePusher.swift */ = {isa = PBXFileReference; lastKnownFileType = sourcecode.swift; path = HFGamePusher.swift; sourceTree = "<group>"; };
		FFF85E49255C744300DFDDC2 /* PlayerVariables.swift */ = {isa = PBXFileReference; lastKnownFileType = sourcecode.swift; path = PlayerVariables.swift; sourceTree = "<group>"; };
		FFF85E4D255C744E00DFDDC2 /* StaticGameVariables.swift */ = {isa = PBXFileReference; lastKnownFileType = sourcecode.swift; path = StaticGameVariables.swift; sourceTree = "<group>"; };
		FFF9DA862575549400C18D8D /* city_names.txt */ = {isa = PBXFileReference; fileEncoding = 4; lastKnownFileType = text; path = city_names.txt; sourceTree = "<group>"; };
		FFF9DA8925755BD900C18D8D /* planet_names.txt */ = {isa = PBXFileReference; fileEncoding = 4; lastKnownFileType = text; path = planet_names.txt; sourceTree = "<group>"; };
		FFFCFAB8255B296400D03284 /* AppDelegate.swift */ = {isa = PBXFileReference; lastKnownFileType = sourcecode.swift; path = AppDelegate.swift; sourceTree = "<group>"; };
		FFFCFABD255B366700D03284 /* GoogleService-Info.plist */ = {isa = PBXFileReference; fileEncoding = 4; lastKnownFileType = text.plist.xml; path = "GoogleService-Info.plist"; sourceTree = "<group>"; };
		FFFCFAC2255B62B300D03284 /* LFGameManager.swift */ = {isa = PBXFileReference; lastKnownFileType = sourcecode.swift; path = LFGameManager.swift; sourceTree = "<group>"; };
/* End PBXFileReference section */

/* Begin PBXGroup section */
		59B0506723D59354ED7DAD04 /* Pods */ = {
			isa = PBXGroup;
			children = (
				5397A0390D7C1A2EC8CCF6F0 /* Pods-Stratagem.debug.xcconfig */,
				E54BF43E273D93EB0EDE54FC /* Pods-Stratagem.release.xcconfig */,
			);
			path = Pods;
			sourceTree = "<group>";
		};
		CECA7749255E438500CE9F69 /* Units */ = {
			isa = PBXGroup;
			children = (
				FF5AF909255E489F00836F03 /* Units.swift */,
				CEA07C252585B8F2009CBBCD /* CombatHandler.swift */,
				CE3B15B125828AFB00F096D6 /* Brawlers.swift */,
			);
			name = Units;
			sourceTree = "<group>";
		};
		FF078BBE254F3F8300E9FA7C = {
			isa = PBXGroup;
			children = (
				FFF9DA8925755BD900C18D8D /* planet_names.txt */,
				FFF9DA862575549400C18D8D /* city_names.txt */,
				FF64B6C725530268006A9F38 /* README.md */,
				FF57238E2551BFD900872457 /* .gitattributes */,
				FF8C4E66254FBAFB00522756 /* .gitignore */,
				FFD9693D255B0505005A1BC7 /* Podfile */,
				FF078BC9254F3F8300E9FA7C /* Stratagem */,
				FFA3FFB625662A4200CFA406 /* Assets */,
				FF0CABA3256464CC009681C8 /* Videos */,
				FF078BC8254F3F8300E9FA7C /* Products */,
				FF8C4E50254FB11800522756 /* Frameworks */,
				59B0506723D59354ED7DAD04 /* Pods */,
			);
			sourceTree = "<group>";
		};
		FF078BC8254F3F8300E9FA7C /* Products */ = {
			isa = PBXGroup;
			children = (
				FF078BC7254F3F8300E9FA7C /* Stratagem.app */,
			);
			name = Products;
			sourceTree = "<group>";
		};
		FF078BC9254F3F8300E9FA7C /* Stratagem */ = {
			isa = PBXGroup;
			children = (
				FFE6EE1F25749C2900BB677B /* Extensions */,
				FF08575A2550FC1700F0F220 /* Fonts */,
				FFFCFAB8255B296400D03284 /* AppDelegate.swift */,
				FF8C4E4E254FB0A200522756 /* Stratagem.entitlements */,
				FF078BCA254F3F8300E9FA7C /* StratagemApp.swift */,
				CECA7749255E438500CE9F69 /* Units */,
				FFF85E48255C742900DFDDC2 /* Variables */,
				FFE1000B2551B7F500DD6608 /* Game Scenes */,
				FF0857472550D8F200F0F220 /* UI Element Styles */,
				FF0857412550D7AE00F0F220 /* UI Views */,
				FF3789A9255F81CE00D30F66 /* Helper Views */,
				FFFCFAC1255B629700D03284 /* Firebase */,
				FF078BCE254F3F8800E9FA7C /* Assets.xcassets */,
				FF078BD0254F3F8800E9FA7C /* Preview Content */,
				FF078BD3254F3F8800E9FA7C /* Info.plist */,
				FFFCFABD255B366700D03284 /* GoogleService-Info.plist */,
			);
			path = Stratagem;
			sourceTree = "<group>";
		};
		FF078BD0254F3F8800E9FA7C /* Preview Content */ = {
			isa = PBXGroup;
			children = (
				FF078BD1254F3F8800E9FA7C /* Preview Assets.xcassets */,
			);
			path = "Preview Content";
			sourceTree = "<group>";
		};
		FF0857412550D7AE00F0F220 /* UI Views */ = {
			isa = PBXGroup;
			children = (
				FF078BCC254F3F8300E9FA7C /* ContentView.swift */,
				FFF2D86E255B890900CE2990 /* Pregame */,
				FFF2D86F255B891A00CE2990 /* Game */,
				FF35D831255C37540054EC27 /* Postgame */,
			);
			path = "UI Views";
			sourceTree = "<group>";
		};
		FF0857472550D8F200F0F220 /* UI Element Styles */ = {
			isa = PBXGroup;
			children = (
				FF0857482550F39300F0F220 /* ButtonStyles.swift */,
				FF012D3A2551B0420017E288 /* TitleText.swift */,
				FF96B532255DCB6E00E5F8D4 /* VisualEffectView.swift */,
				FF65EF1E255DE8CF0013C2C4 /* UIExtensions.swift */,
			);
			path = "UI Element Styles";
			sourceTree = "<group>";
		};
		FF08575A2550FC1700F0F220 /* Fonts */ = {
			isa = PBXGroup;
			children = (
				FF0857652550FC4F00F0F220 /* Montserrat-Black.ttf */,
				FF08576B2550FC5100F0F220 /* Montserrat-BlackItalic.ttf */,
				FF08575E2550FC4E00F0F220 /* Montserrat-Bold.ttf */,
				FF0857662550FC4F00F0F220 /* Montserrat-BoldItalic.ttf */,
				FF08575D2550FC4E00F0F220 /* Montserrat-ExtraBold.ttf */,
				FF0857612550FC4F00F0F220 /* Montserrat-ExtraBoldItalic.ttf */,
				FF08575C2550FC4E00F0F220 /* Montserrat-ExtraLight.ttf */,
				FF08575B2550FC4E00F0F220 /* Montserrat-ExtraLightItalic.ttf */,
				FF08576C2550FC5100F0F220 /* Montserrat-Italic.ttf */,
				FF0857682550FC5000F0F220 /* Montserrat-Light.ttf */,
				FF0857602550FC4E00F0F220 /* Montserrat-LightItalic.ttf */,
				FF0857622550FC4F00F0F220 /* Montserrat-Medium.ttf */,
				FF0857692550FC5000F0F220 /* Montserrat-MediumItalic.ttf */,
				FF08576A2550FC5000F0F220 /* Montserrat-Regular.ttf */,
				FF08575F2550FC4E00F0F220 /* Montserrat-SemiBold.ttf */,
				FF0857632550FC4F00F0F220 /* Montserrat-SemiBoldItalic.ttf */,
				FF0857642550FC4F00F0F220 /* Montserrat-Thin.ttf */,
				FF0857672550FC5000F0F220 /* Montserrat-ThinItalic.ttf */,
			);
			path = Fonts;
			sourceTree = "<group>";
		};
		FF0CABA3256464CC009681C8 /* Videos */ = {
			isa = PBXGroup;
			children = (
				FF0CABA0256464BE009681C8 /* starfield.mp4 */,
			);
			path = Videos;
			sourceTree = "<group>";
		};
		FF35D831255C37540054EC27 /* Postgame */ = {
			isa = PBXGroup;
			children = (
			);
			name = Postgame;
			sourceTree = "<group>";
		};
		FF3789A9255F81CE00D30F66 /* Helper Views */ = {
			isa = PBXGroup;
			children = (
				FF3789AA255F823B00D30F66 /* ErrorPopup.swift */,
				FF0CAB9925646250009681C8 /* LoopingVideo.swift */,
				FFD4AE5A257E8A93000BACEE /* SwiftySKScrollView.swift */,
			);
			path = "Helper Views";
			sourceTree = "<group>";
		};
		FF49D7002577E9C1006A282E /* Buildings */ = {
			isa = PBXGroup;
			children = (
				FF49D7012577E9EE006A282E /* Road.swift */,
				FF49D7042577EA01006A282E /* ResidentialBuilding.swift */,
				FF49D7082577EA18006A282E /* IndustrialBuilding.swift */,
				FF49D70B2577EA22006A282E /* MilitaryBuilding.swift */,
			);
			path = Buildings;
			sourceTree = "<group>";
		};
		FF7418952587C30D00A4BC42 /* Art */ = {
			isa = PBXGroup;
			children = (
				FF74189C2587C3C300A4BC42 /* ground */,
				FF74189B2587C3BC00A4BC42 /* industrial */,
				FF7418962587C32C00A4BC42 /* residential */,
				FF7418982587C39200A4BC42 /* road */,
				FF74189A2587C3B200A4BC42 /* military */,
			);
			path = Art;
			sourceTree = "<group>";
		};
		FF7418962587C32C00A4BC42 /* residential */ = {
			isa = PBXGroup;
			children = (
			);
			path = residential;
			sourceTree = "<group>";
		};
		FF7418982587C39200A4BC42 /* road */ = {
			isa = PBXGroup;
			children = (
				FF7418BA2587C52F00A4BC42 /* roadtile0000.png */,
				FF7418B62587C52E00A4BC42 /* roadtile1000.png */,
				FF7418B82587C52F00A4BC42 /* roadtile0100.png */,
				FF7418B72587C52E00A4BC42 /* roadtile0010.png */,
				FF7418B92587C52F00A4BC42 /* roadtile0001.png */,
				FF7418AE2587C52900A4BC42 /* roadtile1010.png */,
				FF7418AA2587C52700A4BC42 /* roadtile0101.png */,
				FF7418A92587C52700A4BC42 /* roadtile1110.png */,
				FF7418AB2587C52800A4BC42 /* roadtile0111.png */,
				FF7418AD2587C52900A4BC42 /* roadtile1011.png */,
				FF7418AC2587C52800A4BC42 /* roadtile1101.png */,
			);
			path = road;
			sourceTree = "<group>";
		};
		FF74189A2587C3B200A4BC42 /* military */ = {
			isa = PBXGroup;
			children = (
				FF74189D2587C4C700A4BC42 /* robot factory.png */,
			);
			path = military;
			sourceTree = "<group>";
		};
		FF74189B2587C3BC00A4BC42 /* industrial */ = {
			isa = PBXGroup;
			children = (
			);
			path = industrial;
			sourceTree = "<group>";
		};
		FF74189C2587C3C300A4BC42 /* ground */ = {
			isa = PBXGroup;
			children = (
				FF7418A32587C4E300A4BC42 /* grass.png */,
				FF7418A02587C4E100A4BC42 /* rock.png */,
				FF7418A12587C4E200A4BC42 /* sand.png */,
				FF7418A22587C4E200A4BC42 /* water.png */,
			);
			path = ground;
			sourceTree = "<group>";
		};
		FF88BDA2256E0B4B00DF0E40 /* City */ = {
			isa = PBXGroup;
			children = (
				FFE6EE1025746BA300BB677B /* CityScene.swift */,
				FF88BDB7256EB24F00DF0E40 /* HudNode.swift */,
				FF1B13D6256B0B81005158C9 /* City.swift */,
				FF88BDA3256E0B7B00DF0E40 /* CityTile.swift */,
				FF88BDA6256E0BC100DF0E40 /* CityBuilding.swift */,
				FF49D7002577E9C1006A282E /* Buildings */,
			);
			path = City;
			sourceTree = "<group>";
		};
		FF8C4E50254FB11800522756 /* Frameworks */ = {
			isa = PBXGroup;
			children = (
				FF8C4E51254FB11800522756 /* CloudKit.framework */,
				500AA38F10AA677CBCF94516 /* Pods_Stratagem.framework */,
			);
			name = Frameworks;
			sourceTree = "<group>";
		};
		FFA3FFB625662A4200CFA406 /* Assets */ = {
			isa = PBXGroup;
			children = (
				FFA3FFB725662A6800CFA406 /* Tiled */,
			);
			path = Assets;
			sourceTree = "<group>";
		};
		FFA3FFB725662A6800CFA406 /* Tiled */ = {
			isa = PBXGroup;
			children = (
				FF7418C22587C77400A4BC42 /* Tileset.tsx */,
				FFDCC4C725769B6E00D880B3 /* building residential.png */,
				FF7418952587C30D00A4BC42 /* Art */,
				FFE76E2325809225001525F3 /* robot factory.png */,
				FFF03590257A889C0069F5F0 /* iron miner.png */,
				FFF0358B2579A2200069F5F0 /* iron.png */,
				FFF0358C2579A2200069F5F0 /* oil.png */,
				FFDCC4C825769B6E00D880B3 /* building industrial.png */,
				FFDCC4C625769B6E00D880B3 /* road.png */,
				FF2CF3752571C39E00B71DB8 /* block_grass.png */,
				FF2CF3742571C39E00B71DB8 /* block_sand.png */,
				FF2CF3732571C39E00B71DB8 /* block_water.png */,
				FF1B13E9256B67DB005158C9 /* Base.tmx */,
				FFA3FFBB25662C0B00CFA406 /* PrototypePack.tsx */,
				FFA3FFB825662A9500CFA406 /* Prototype.tmx */,
			);
			path = Tiled;
			sourceTree = "<group>";
		};
		FFA55AC8256C6DA500EB12D9 /* Helpers */ = {
			isa = PBXGroup;
			children = (
				FFA55AC4256C6D9700EB12D9 /* Perlin2D.swift */,
				CE8F1393257605D70038156C /* Updater.swift */,
				FF8545582584485500D2D51F /* Queue.swift */,
			);
			path = Helpers;
			sourceTree = "<group>";
		};
		FFE1000B2551B7F500DD6608 /* Game Scenes */ = {
			isa = PBXGroup;
			children = (
				FFE6EE1325746BA800BB677B /* Galaxy */,
				FFE6EE1425746BAE00BB677B /* Planet */,
				FF88BDA2256E0B4B00DF0E40 /* City */,
				FFA55AC8256C6DA500EB12D9 /* Helpers */,
			);
			path = "Game Scenes";
			sourceTree = "<group>";
		};
		FFE6EE1325746BA800BB677B /* Galaxy */ = {
			isa = PBXGroup;
			children = (
				FFE6EE1525746BD000BB677B /* Galaxy.swift */,
				CE8F1381257488AC0038156C /* GalaxyScene.swift */,
				CED306E32585FAEF003BC31C /* Spaceship.swift */,
				CE5EFF302583E9E70096FB39 /* PlanetTransfer.swift */,
			);
			path = Galaxy;
			sourceTree = "<group>";
		};
		FFE6EE1425746BAE00BB677B /* Planet */ = {
			isa = PBXGroup;
			children = (
				CEAA0E122582E44300C7512C /* CityTransfer.swift */,
				FFE6EE1925746BF800BB677B /* Planet.swift */,
				CE1004BE256856BC0077941A /* PlanetSphereView.swift */,
				CEC3A8DD257960840009E3DC /* PlanetMap.swift */,
				CEC77EC425812D4B00CA1446 /* PlanetPanel.swift */,
			);
			path = Planet;
			sourceTree = "<group>";
		};
		FFE6EE1F25749C2900BB677B /* Extensions */ = {
			isa = PBXGroup;
			children = (
				FFE6EE2125749C3900BB677B /* Collection+choose.swift */,
			);
			path = Extensions;
			sourceTree = "<group>";
		};
		FFF2D86E255B890900CE2990 /* Pregame */ = {
			isa = PBXGroup;
			children = (
				FF33849E2559A751000EF945 /* TitleScreenView.swift */,
				FFAD01DD255AE84600BA2907 /* CreateGameView.swift */,
				FF33849225599EB9000EF945 /* JoinGameView.swift */,
				FFF2D86B255B88F800CE2990 /* GameLobbyView.swift */,
			);
			path = Pregame;
			sourceTree = "<group>";
		};
		FFF2D86F255B891A00CE2990 /* Game */ = {
			isa = PBXGroup;
			children = (
				CEC78653256C1B51001E440F /* GameView.swift */,
				CE2B4E6A257FEA1100A4A146 /* PlanetView.swift */,
				CE1004E02569E1B70077941A /* GalaxyView.swift */,
				FF40F4702559CF310036E4C7 /* CityView.swift */,
			);
			path = Game;
			sourceTree = "<group>";
		};
		FFF85E48255C742900DFDDC2 /* Variables */ = {
			isa = PBXGroup;
			children = (
				FFF85E49255C744300DFDDC2 /* PlayerVariables.swift */,
				FFF85E4D255C744E00DFDDC2 /* StaticGameVariables.swift */,
				CECA773F255E3F1700CE9F69 /* GameVariables.swift */,
				FFE69955257409FC00CD8517 /* Global.swift */,
			);
			path = Variables;
			sourceTree = "<group>";
		};
		FFFCFAC1255B629700D03284 /* Firebase */ = {
			isa = PBXGroup;
			children = (
				FFB4A2A6255D9EA1003298E2 /* PlayerManager.swift */,
				FFFCFAC2255B62B300D03284 /* LFGameManager.swift */,
				FFF85E3D255C73B700DFDDC2 /* LFGameListener.swift */,
				FF9D7D68256574890076C8DF /* HFGameListener.swift */,
				FFF85E40255C73C100DFDDC2 /* HFGamePusher.swift */,
				FFB4A298255CE6A7003298E2 /* FirebaseHelper.swift */,
			);
			path = Firebase;
			sourceTree = "<group>";
		};
/* End PBXGroup section */

/* Begin PBXNativeTarget section */
		FF078BC6254F3F8300E9FA7C /* Stratagem */ = {
			isa = PBXNativeTarget;
			buildConfigurationList = FF078BD6254F3F8800E9FA7C /* Build configuration list for PBXNativeTarget "Stratagem" */;
			buildPhases = (
				0676AD30B3BC9A9FFD7E244E /* [CP] Check Pods Manifest.lock */,
				FF078BC3254F3F8300E9FA7C /* Sources */,
				FF078BC5254F3F8300E9FA7C /* Resources */,
				096D843C7868507D5B2BABF3 /* [CP] Embed Pods Frameworks */,
			);
			buildRules = (
			);
			dependencies = (
			);
			name = Stratagem;
			productName = Stratagem;
			productReference = FF078BC7254F3F8300E9FA7C /* Stratagem.app */;
			productType = "com.apple.product-type.application";
		};
/* End PBXNativeTarget section */

/* Begin PBXProject section */
		FF078BBF254F3F8300E9FA7C /* Project object */ = {
			isa = PBXProject;
			attributes = {
				LastSwiftUpdateCheck = 1200;
				LastUpgradeCheck = 1200;
				TargetAttributes = {
					FF078BC6254F3F8300E9FA7C = {
						CreatedOnToolsVersion = 12.0;
					};
				};
			};
			buildConfigurationList = FF078BC2254F3F8300E9FA7C /* Build configuration list for PBXProject "Stratagem" */;
			compatibilityVersion = "Xcode 9.3";
			developmentRegion = en;
			hasScannedForEncodings = 0;
			knownRegions = (
				en,
				Base,
			);
			mainGroup = FF078BBE254F3F8300E9FA7C;
			productRefGroup = FF078BC8254F3F8300E9FA7C /* Products */;
			projectDirPath = "";
			projectRoot = "";
			targets = (
				FF078BC6254F3F8300E9FA7C /* Stratagem */,
			);
		};
/* End PBXProject section */

/* Begin PBXResourcesBuildPhase section */
		FF078BC5254F3F8300E9FA7C /* Resources */ = {
			isa = PBXResourcesBuildPhase;
			buildActionMask = 2147483647;
			files = (
				FFA3FFB925662A9500CFA406 /* Prototype.tmx in Resources */,
				FF0CABA1256464BF009681C8 /* starfield.mp4 in Resources */,
				FF08577B2550FC5100F0F220 /* Montserrat-MediumItalic.ttf in Resources */,
				FF8C4E67254FBAFB00522756 /* .gitignore in Resources */,
				FF08576E2550FC5100F0F220 /* Montserrat-ExtraLight.ttf in Resources */,
				FF7418B42587C52900A4BC42 /* roadtile1010.png in Resources */,
				FFDCC4C925769B6F00D880B3 /* road.png in Resources */,
				FF7418B02587C52900A4BC42 /* roadtile0101.png in Resources */,
				FFF0358E2579A2200069F5F0 /* oil.png in Resources */,
				FF2CF3772571C39E00B71DB8 /* block_water.png in Resources */,
				FFF9DA8A25755BD900C18D8D /* planet_names.txt in Resources */,
				FF7418BC2587C52F00A4BC42 /* roadtile0010.png in Resources */,
				FFF9DA872575549400C18D8D /* city_names.txt in Resources */,
				FF57238F2551BFD900872457 /* .gitattributes in Resources */,
				FF7418AF2587C52900A4BC42 /* roadtile1110.png in Resources */,
				FF7418A72587C4E300A4BC42 /* grass.png in Resources */,
				FF078BD2254F3F8800E9FA7C /* Preview Assets.xcassets in Resources */,
				FF08576D2550FC5100F0F220 /* Montserrat-ExtraLightItalic.ttf in Resources */,
				FF64B6C825530268006A9F38 /* README.md in Resources */,
				FF0857702550FC5100F0F220 /* Montserrat-Bold.ttf in Resources */,
				FF2CF3782571C39E00B71DB8 /* block_sand.png in Resources */,
				FF0857762550FC5100F0F220 /* Montserrat-Thin.ttf in Resources */,
				FF7418BF2587C52F00A4BC42 /* roadtile0000.png in Resources */,
				FFD9693E255B0505005A1BC7 /* Podfile in Resources */,
				FF7418B32587C52900A4BC42 /* roadtile1011.png in Resources */,
				FF7418BD2587C52F00A4BC42 /* roadtile0100.png in Resources */,
				FF08577C2550FC5100F0F220 /* Montserrat-Regular.ttf in Resources */,
				FF7418B12587C52900A4BC42 /* roadtile0111.png in Resources */,
				FF7418C32587C77400A4BC42 /* Tileset.tsx in Resources */,
				FFE76E2425809226001525F3 /* robot factory.png in Resources */,
				FF0857752550FC5100F0F220 /* Montserrat-SemiBoldItalic.ttf in Resources */,
				FFF03591257A889C0069F5F0 /* iron miner.png in Resources */,
				FFA3FFBC25662C0B00CFA406 /* PrototypePack.tsx in Resources */,
				FFFCFABE255B366700D03284 /* GoogleService-Info.plist in Resources */,
				FF0857782550FC5100F0F220 /* Montserrat-BoldItalic.ttf in Resources */,
				FFDCC4CB25769B6F00D880B3 /* building industrial.png in Resources */,
				FF0857792550FC5100F0F220 /* Montserrat-ThinItalic.ttf in Resources */,
				FF0857712550FC5100F0F220 /* Montserrat-SemiBold.ttf in Resources */,
				FF74189E2587C4C700A4BC42 /* robot factory.png in Resources */,
				FF7418BB2587C52F00A4BC42 /* roadtile1000.png in Resources */,
				FF1B13EA256B67DB005158C9 /* Base.tmx in Resources */,
				FF08577E2550FC5100F0F220 /* Montserrat-Italic.ttf in Resources */,
				FF7418BE2587C52F00A4BC42 /* roadtile0001.png in Resources */,
				FF7418A62587C4E300A4BC42 /* water.png in Resources */,
				FFDCC4CA25769B6F00D880B3 /* building residential.png in Resources */,
				FF08576F2550FC5100F0F220 /* Montserrat-ExtraBold.ttf in Resources */,
				FF08577A2550FC5100F0F220 /* Montserrat-Light.ttf in Resources */,
				FF08577D2550FC5100F0F220 /* Montserrat-BlackItalic.ttf in Resources */,
				FFF0358D2579A2200069F5F0 /* iron.png in Resources */,
				FF0857722550FC5100F0F220 /* Montserrat-LightItalic.ttf in Resources */,
				FF0857772550FC5100F0F220 /* Montserrat-Black.ttf in Resources */,
				FF7418A42587C4E300A4BC42 /* rock.png in Resources */,
				FF7418B22587C52900A4BC42 /* roadtile1101.png in Resources */,
				FF078BCF254F3F8800E9FA7C /* Assets.xcassets in Resources */,
				FF7418A52587C4E300A4BC42 /* sand.png in Resources */,
				FF2CF3792571C39E00B71DB8 /* block_grass.png in Resources */,
				FF0857742550FC5100F0F220 /* Montserrat-Medium.ttf in Resources */,
				FF0857732550FC5100F0F220 /* Montserrat-ExtraBoldItalic.ttf in Resources */,
			);
			runOnlyForDeploymentPostprocessing = 0;
		};
/* End PBXResourcesBuildPhase section */

/* Begin PBXShellScriptBuildPhase section */
		0676AD30B3BC9A9FFD7E244E /* [CP] Check Pods Manifest.lock */ = {
			isa = PBXShellScriptBuildPhase;
			buildActionMask = 2147483647;
			files = (
			);
			inputFileListPaths = (
			);
			inputPaths = (
				"${PODS_PODFILE_DIR_PATH}/Podfile.lock",
				"${PODS_ROOT}/Manifest.lock",
			);
			name = "[CP] Check Pods Manifest.lock";
			outputFileListPaths = (
			);
			outputPaths = (
				"$(DERIVED_FILE_DIR)/Pods-Stratagem-checkManifestLockResult.txt",
			);
			runOnlyForDeploymentPostprocessing = 0;
			shellPath = /bin/sh;
			shellScript = "diff \"${PODS_PODFILE_DIR_PATH}/Podfile.lock\" \"${PODS_ROOT}/Manifest.lock\" > /dev/null\nif [ $? != 0 ] ; then\n    # print error to STDERR\n    echo \"error: The sandbox is not in sync with the Podfile.lock. Run 'pod install' or update your CocoaPods installation.\" >&2\n    exit 1\nfi\n# This output is used by Xcode 'outputs' to avoid re-running this script phase.\necho \"SUCCESS\" > \"${SCRIPT_OUTPUT_FILE_0}\"\n";
			showEnvVarsInLog = 0;
		};
		096D843C7868507D5B2BABF3 /* [CP] Embed Pods Frameworks */ = {
			isa = PBXShellScriptBuildPhase;
			buildActionMask = 2147483647;
			files = (
			);
			inputFileListPaths = (
				"${PODS_ROOT}/Target Support Files/Pods-Stratagem/Pods-Stratagem-frameworks-${CONFIGURATION}-input-files.xcfilelist",
			);
			name = "[CP] Embed Pods Frameworks";
			outputFileListPaths = (
				"${PODS_ROOT}/Target Support Files/Pods-Stratagem/Pods-Stratagem-frameworks-${CONFIGURATION}-output-files.xcfilelist",
			);
			runOnlyForDeploymentPostprocessing = 0;
			shellPath = /bin/sh;
			shellScript = "\"${PODS_ROOT}/Target Support Files/Pods-Stratagem/Pods-Stratagem-frameworks.sh\"\n";
			showEnvVarsInLog = 0;
		};
/* End PBXShellScriptBuildPhase section */

/* Begin PBXSourcesBuildPhase section */
		FF078BC3254F3F8300E9FA7C /* Sources */ = {
			isa = PBXSourcesBuildPhase;
			buildActionMask = 2147483647;
			files = (
				FF9D7D69256574890076C8DF /* HFGameListener.swift in Sources */,
				FF1B13D7256B0B81005158C9 /* City.swift in Sources */,
				CED306E42585FAEF003BC31C /* Spaceship.swift in Sources */,
				FF49D7022577E9EE006A282E /* Road.swift in Sources */,
				CE3B15B225828AFB00F096D6 /* Brawlers.swift in Sources */,
				FFAD01DE255AE84600BA2907 /* CreateGameView.swift in Sources */,
				FF8C4E6C254FBCBD00522756 /* (null) in Sources */,
				FF5AF90A255E489F00836F03 /* Units.swift in Sources */,
				FFF85E4A255C744300DFDDC2 /* PlayerVariables.swift in Sources */,
				CE1004E12569E1B70077941A /* GalaxyView.swift in Sources */,
				FFE69956257409FC00CD8517 /* Global.swift in Sources */,
				FFE6EE1125746BA300BB677B /* CityScene.swift in Sources */,
				CE1004BF256856BC0077941A /* PlanetSphereView.swift in Sources */,
				FF88BDA4256E0B7B00DF0E40 /* CityTile.swift in Sources */,
				FF012D3B2551B0420017E288 /* TitleText.swift in Sources */,
				FFE6EE1A25746BF800BB677B /* Planet.swift in Sources */,
				CE8F1394257605D70038156C /* Updater.swift in Sources */,
				FFA55AC5256C6D9700EB12D9 /* Perlin2D.swift in Sources */,
				FFB4A299255CE6A7003298E2 /* FirebaseHelper.swift in Sources */,
				FFFCFAC3255B62B300D03284 /* LFGameManager.swift in Sources */,
				CEAA0E132582E44300C7512C /* CityTransfer.swift in Sources */,
				FF49D7052577EA01006A282E /* ResidentialBuilding.swift in Sources */,
				FF33849F2559A751000EF945 /* TitleScreenView.swift in Sources */,
				FFF2D86C255B88F800CE2990 /* GameLobbyView.swift in Sources */,
				CEC3A8DE257960840009E3DC /* PlanetMap.swift in Sources */,
				FF88BDA7256E0BC100DF0E40 /* CityBuilding.swift in Sources */,
				FFE6EE1625746BD000BB677B /* Galaxy.swift in Sources */,
				FF49D7092577EA18006A282E /* IndustrialBuilding.swift in Sources */,
				CE2B4E6B257FEA1100A4A146 /* PlanetView.swift in Sources */,
				FFD4AE5B257E8A93000BACEE /* SwiftySKScrollView.swift in Sources */,
				CE8F1382257488AC0038156C /* GalaxyScene.swift in Sources */,
				CE5EFF312583E9E70096FB39 /* PlanetTransfer.swift in Sources */,
				FF40F4712559CF310036E4C7 /* CityView.swift in Sources */,
				FF8545592584485500D2D51F /* Queue.swift in Sources */,
				FFFCFAB9255B296400D03284 /* AppDelegate.swift in Sources */,
				CEC77EC525812D4B00CA1446 /* PlanetPanel.swift in Sources */,
				FF0857492550F39300F0F220 /* ButtonStyles.swift in Sources */,
				FF3789AB255F823B00D30F66 /* ErrorPopup.swift in Sources */,
				CECA7740255E3F1700CE9F69 /* GameVariables.swift in Sources */,
				FF078BCD254F3F8300E9FA7C /* ContentView.swift in Sources */,
				CEA07C262585B8F2009CBBCD /* CombatHandler.swift in Sources */,
				FF96B533255DCB6E00E5F8D4 /* VisualEffectView.swift in Sources */,
				FFF85E3E255C73B700DFDDC2 /* LFGameListener.swift in Sources */,
				FF49D70C2577EA22006A282E /* MilitaryBuilding.swift in Sources */,
				FF33849325599EB9000EF945 /* JoinGameView.swift in Sources */,
				FFB4A2A7255D9EA1003298E2 /* PlayerManager.swift in Sources */,
				FF078BCB254F3F8300E9FA7C /* StratagemApp.swift in Sources */,
				FFE6EE2225749C3900BB677B /* Collection+choose.swift in Sources */,
				FF0CAB9A25646250009681C8 /* LoopingVideo.swift in Sources */,
				FF88BDB8256EB24F00DF0E40 /* HudNode.swift in Sources */,
				FF65EF1F255DE8D00013C2C4 /* UIExtensions.swift in Sources */,
				FFF85E41255C73C100DFDDC2 /* HFGamePusher.swift in Sources */,
				CEC78654256C1B51001E440F /* GameView.swift in Sources */,
				FFF85E4E255C744E00DFDDC2 /* StaticGameVariables.swift in Sources */,
			);
			runOnlyForDeploymentPostprocessing = 0;
		};
/* End PBXSourcesBuildPhase section */

/* Begin XCBuildConfiguration section */
		FF078BD4254F3F8800E9FA7C /* Debug */ = {
			isa = XCBuildConfiguration;
			buildSettings = {
				ALWAYS_SEARCH_USER_PATHS = NO;
				CLANG_ANALYZER_NONNULL = YES;
				CLANG_ANALYZER_NUMBER_OBJECT_CONVERSION = YES_AGGRESSIVE;
				CLANG_CXX_LANGUAGE_STANDARD = "gnu++14";
				CLANG_CXX_LIBRARY = "libc++";
				CLANG_ENABLE_MODULES = YES;
				CLANG_ENABLE_OBJC_ARC = YES;
				CLANG_ENABLE_OBJC_WEAK = YES;
				CLANG_WARN_BLOCK_CAPTURE_AUTORELEASING = YES;
				CLANG_WARN_BOOL_CONVERSION = YES;
				CLANG_WARN_COMMA = YES;
				CLANG_WARN_CONSTANT_CONVERSION = YES;
				CLANG_WARN_DEPRECATED_OBJC_IMPLEMENTATIONS = YES;
				CLANG_WARN_DIRECT_OBJC_ISA_USAGE = YES_ERROR;
				CLANG_WARN_DOCUMENTATION_COMMENTS = YES;
				CLANG_WARN_EMPTY_BODY = YES;
				CLANG_WARN_ENUM_CONVERSION = YES;
				CLANG_WARN_INFINITE_RECURSION = YES;
				CLANG_WARN_INT_CONVERSION = YES;
				CLANG_WARN_NON_LITERAL_NULL_CONVERSION = YES;
				CLANG_WARN_OBJC_IMPLICIT_RETAIN_SELF = YES;
				CLANG_WARN_OBJC_LITERAL_CONVERSION = YES;
				CLANG_WARN_OBJC_ROOT_CLASS = YES_ERROR;
				CLANG_WARN_QUOTED_INCLUDE_IN_FRAMEWORK_HEADER = YES;
				CLANG_WARN_RANGE_LOOP_ANALYSIS = YES;
				CLANG_WARN_STRICT_PROTOTYPES = YES;
				CLANG_WARN_SUSPICIOUS_MOVE = YES;
				CLANG_WARN_UNGUARDED_AVAILABILITY = YES_AGGRESSIVE;
				CLANG_WARN_UNREACHABLE_CODE = YES;
				CLANG_WARN__DUPLICATE_METHOD_MATCH = YES;
				COPY_PHASE_STRIP = NO;
				DEBUG_INFORMATION_FORMAT = dwarf;
				ENABLE_STRICT_OBJC_MSGSEND = YES;
				ENABLE_TESTABILITY = YES;
				GCC_C_LANGUAGE_STANDARD = gnu11;
				GCC_DYNAMIC_NO_PIC = NO;
				GCC_NO_COMMON_BLOCKS = YES;
				GCC_OPTIMIZATION_LEVEL = 0;
				GCC_PREPROCESSOR_DEFINITIONS = (
					"DEBUG=1",
					"$(inherited)",
				);
				GCC_WARN_64_TO_32_BIT_CONVERSION = YES;
				GCC_WARN_ABOUT_RETURN_TYPE = YES_ERROR;
				GCC_WARN_UNDECLARED_SELECTOR = YES;
				GCC_WARN_UNINITIALIZED_AUTOS = YES_AGGRESSIVE;
				GCC_WARN_UNUSED_FUNCTION = YES;
				GCC_WARN_UNUSED_VARIABLE = YES;
				IPHONEOS_DEPLOYMENT_TARGET = 14.0;
				MTL_ENABLE_DEBUG_INFO = INCLUDE_SOURCE;
				MTL_FAST_MATH = YES;
				ONLY_ACTIVE_ARCH = YES;
				SDKROOT = iphoneos;
				SWIFT_ACTIVE_COMPILATION_CONDITIONS = DEBUG;
				SWIFT_OPTIMIZATION_LEVEL = "-Onone";
			};
			name = Debug;
		};
		FF078BD5254F3F8800E9FA7C /* Release */ = {
			isa = XCBuildConfiguration;
			buildSettings = {
				ALWAYS_SEARCH_USER_PATHS = NO;
				CLANG_ANALYZER_NONNULL = YES;
				CLANG_ANALYZER_NUMBER_OBJECT_CONVERSION = YES_AGGRESSIVE;
				CLANG_CXX_LANGUAGE_STANDARD = "gnu++14";
				CLANG_CXX_LIBRARY = "libc++";
				CLANG_ENABLE_MODULES = YES;
				CLANG_ENABLE_OBJC_ARC = YES;
				CLANG_ENABLE_OBJC_WEAK = YES;
				CLANG_WARN_BLOCK_CAPTURE_AUTORELEASING = YES;
				CLANG_WARN_BOOL_CONVERSION = YES;
				CLANG_WARN_COMMA = YES;
				CLANG_WARN_CONSTANT_CONVERSION = YES;
				CLANG_WARN_DEPRECATED_OBJC_IMPLEMENTATIONS = YES;
				CLANG_WARN_DIRECT_OBJC_ISA_USAGE = YES_ERROR;
				CLANG_WARN_DOCUMENTATION_COMMENTS = YES;
				CLANG_WARN_EMPTY_BODY = YES;
				CLANG_WARN_ENUM_CONVERSION = YES;
				CLANG_WARN_INFINITE_RECURSION = YES;
				CLANG_WARN_INT_CONVERSION = YES;
				CLANG_WARN_NON_LITERAL_NULL_CONVERSION = YES;
				CLANG_WARN_OBJC_IMPLICIT_RETAIN_SELF = YES;
				CLANG_WARN_OBJC_LITERAL_CONVERSION = YES;
				CLANG_WARN_OBJC_ROOT_CLASS = YES_ERROR;
				CLANG_WARN_QUOTED_INCLUDE_IN_FRAMEWORK_HEADER = YES;
				CLANG_WARN_RANGE_LOOP_ANALYSIS = YES;
				CLANG_WARN_STRICT_PROTOTYPES = YES;
				CLANG_WARN_SUSPICIOUS_MOVE = YES;
				CLANG_WARN_UNGUARDED_AVAILABILITY = YES_AGGRESSIVE;
				CLANG_WARN_UNREACHABLE_CODE = YES;
				CLANG_WARN__DUPLICATE_METHOD_MATCH = YES;
				COPY_PHASE_STRIP = NO;
				DEBUG_INFORMATION_FORMAT = "dwarf-with-dsym";
				ENABLE_NS_ASSERTIONS = NO;
				ENABLE_STRICT_OBJC_MSGSEND = YES;
				GCC_C_LANGUAGE_STANDARD = gnu11;
				GCC_NO_COMMON_BLOCKS = YES;
				GCC_WARN_64_TO_32_BIT_CONVERSION = YES;
				GCC_WARN_ABOUT_RETURN_TYPE = YES_ERROR;
				GCC_WARN_UNDECLARED_SELECTOR = YES;
				GCC_WARN_UNINITIALIZED_AUTOS = YES_AGGRESSIVE;
				GCC_WARN_UNUSED_FUNCTION = YES;
				GCC_WARN_UNUSED_VARIABLE = YES;
				IPHONEOS_DEPLOYMENT_TARGET = 14.0;
				MTL_ENABLE_DEBUG_INFO = NO;
				MTL_FAST_MATH = YES;
				SDKROOT = iphoneos;
				SWIFT_COMPILATION_MODE = wholemodule;
				SWIFT_OPTIMIZATION_LEVEL = "-O";
				VALIDATE_PRODUCT = YES;
			};
			name = Release;
		};
		FF078BD7254F3F8800E9FA7C /* Debug */ = {
			isa = XCBuildConfiguration;
			baseConfigurationReference = 5397A0390D7C1A2EC8CCF6F0 /* Pods-Stratagem.debug.xcconfig */;
			buildSettings = {
				ASSETCATALOG_COMPILER_APPICON_NAME = AppIcon;
				ASSETCATALOG_COMPILER_GLOBAL_ACCENT_COLOR_NAME = AccentColor;
				CODE_SIGN_ENTITLEMENTS = Stratagem/Stratagem.entitlements;
				CODE_SIGN_STYLE = Automatic;
				CURRENT_PROJECT_VERSION = 4;
				DEVELOPMENT_ASSET_PATHS = "\"Stratagem/Preview Content\"";
				DEVELOPMENT_TEAM = 883DK65VTV;
				ENABLE_PREVIEWS = YES;
				INFOPLIST_FILE = Stratagem/Info.plist;
				IPHONEOS_DEPLOYMENT_TARGET = 14.0;
				LD_RUNPATH_SEARCH_PATHS = (
					"$(inherited)",
					"@executable_path/Frameworks",
				);
				MARKETING_VERSION = 1.0;
				PRODUCT_BUNDLE_IDENTIFIER = edu.stratagem;
				PRODUCT_NAME = "$(TARGET_NAME)";
				SWIFT_VERSION = 5.0;
				TARGETED_DEVICE_FAMILY = "1,2";
			};
			name = Debug;
		};
		FF078BD8254F3F8800E9FA7C /* Release */ = {
			isa = XCBuildConfiguration;
			baseConfigurationReference = E54BF43E273D93EB0EDE54FC /* Pods-Stratagem.release.xcconfig */;
			buildSettings = {
				ASSETCATALOG_COMPILER_APPICON_NAME = AppIcon;
				ASSETCATALOG_COMPILER_GLOBAL_ACCENT_COLOR_NAME = AccentColor;
				CODE_SIGN_ENTITLEMENTS = Stratagem/Stratagem.entitlements;
				CODE_SIGN_STYLE = Automatic;
				CURRENT_PROJECT_VERSION = 4;
				DEVELOPMENT_ASSET_PATHS = "\"Stratagem/Preview Content\"";
				DEVELOPMENT_TEAM = 883DK65VTV;
				ENABLE_PREVIEWS = YES;
				INFOPLIST_FILE = Stratagem/Info.plist;
				IPHONEOS_DEPLOYMENT_TARGET = 14.0;
				LD_RUNPATH_SEARCH_PATHS = (
					"$(inherited)",
					"@executable_path/Frameworks",
				);
				MARKETING_VERSION = 1.0;
				PRODUCT_BUNDLE_IDENTIFIER = edu.stratagem;
				PRODUCT_NAME = "$(TARGET_NAME)";
				SWIFT_VERSION = 5.0;
				TARGETED_DEVICE_FAMILY = "1,2";
			};
			name = Release;
		};
/* End XCBuildConfiguration section */

/* Begin XCConfigurationList section */
		FF078BC2254F3F8300E9FA7C /* Build configuration list for PBXProject "Stratagem" */ = {
			isa = XCConfigurationList;
			buildConfigurations = (
				FF078BD4254F3F8800E9FA7C /* Debug */,
				FF078BD5254F3F8800E9FA7C /* Release */,
			);
			defaultConfigurationIsVisible = 0;
			defaultConfigurationName = Release;
		};
		FF078BD6254F3F8800E9FA7C /* Build configuration list for PBXNativeTarget "Stratagem" */ = {
			isa = XCConfigurationList;
			buildConfigurations = (
				FF078BD7254F3F8800E9FA7C /* Debug */,
				FF078BD8254F3F8800E9FA7C /* Release */,
			);
			defaultConfigurationIsVisible = 0;
			defaultConfigurationName = Release;
		};
/* End XCConfigurationList section */
	};
	rootObject = FF078BBF254F3F8300E9FA7C /* Project object */;
}
